// !$*UTF8*$!
{
	archiveVersion = 1;
	classes = {
	};
	objectVersion = 46;
	objects = {

/* Begin PBXBuildFile section */
		3E8BDB54172EDBB900218B91 /* MR_PathCell.m in Sources */ = {isa = PBXBuildFile; fileRef = 3E8BDB53172EDBB900218B91 /* MR_PathCell.m */; };
		F602F4A3172651AE005FE31F /* ASIHTTPRequest+Helper.m in Sources */ = {isa = PBXBuildFile; fileRef = F602F4A2172651AD005FE31F /* ASIHTTPRequest+Helper.m */; };
		F602F4B317266414005FE31F /* MR_Doctor.m in Sources */ = {isa = PBXBuildFile; fileRef = F602F4B217266414005FE31F /* MR_Doctor.m */; };
		F602F4B61726648D005FE31F /* MR_Leader.m in Sources */ = {isa = PBXBuildFile; fileRef = F602F4B51726648D005FE31F /* MR_Leader.m */; };
		F602F4BC17266D14005FE31F /* MR_RootController.m in Sources */ = {isa = PBXBuildFile; fileRef = F602F4BB17266D13005FE31F /* MR_RootController.m */; };
		F602F4BF17266E75005FE31F /* MR_RootView.m in Sources */ = {isa = PBXBuildFile; fileRef = F602F4BE17266E75005FE31F /* MR_RootView.m */; };
		F606A07F1724BF3100490D04 /* UIKit.framework in Frameworks */ = {isa = PBXBuildFile; fileRef = F606A07E1724BF3100490D04 /* UIKit.framework */; };
		F606A0811724BF3100490D04 /* Foundation.framework in Frameworks */ = {isa = PBXBuildFile; fileRef = F606A0801724BF3100490D04 /* Foundation.framework */; };
		F606A0831724BF3100490D04 /* CoreGraphics.framework in Frameworks */ = {isa = PBXBuildFile; fileRef = F606A0821724BF3100490D04 /* CoreGraphics.framework */; };
		F606A0BA1724CBD000490D04 /* Default-568h@2x.png in Resources */ = {isa = PBXBuildFile; fileRef = F606A0B71724CBD000490D04 /* Default-568h@2x.png */; };
		F606A0BB1724CBD000490D04 /* Default.png in Resources */ = {isa = PBXBuildFile; fileRef = F606A0B81724CBD000490D04 /* Default.png */; };
		F606A0BC1724CBD000490D04 /* Default@2x.png in Resources */ = {isa = PBXBuildFile; fileRef = F606A0B91724CBD000490D04 /* Default@2x.png */; };
		F609B7F51767095700EEDF59 /* MR_ClauseDetailCtro.m in Sources */ = {isa = PBXBuildFile; fileRef = F609B7F41767095700EEDF59 /* MR_ClauseDetailCtro.m */; };
		F609B7FC1767139700EEDF59 /* MR_ClauseDetailCtro.xib in Resources */ = {isa = PBXBuildFile; fileRef = F609B7FB1767139700EEDF59 /* MR_ClauseDetailCtro.xib */; };
		F609B8001767298800EEDF59 /* MR_ClauseLinkWebCtro.m in Sources */ = {isa = PBXBuildFile; fileRef = F609B7FE1767298700EEDF59 /* MR_ClauseLinkWebCtro.m */; };
		F609B80317672B4D00EEDF59 /* MR_ClauseLinkWebCtro.xib in Resources */ = {isa = PBXBuildFile; fileRef = F609B80217672B4D00EEDF59 /* MR_ClauseLinkWebCtro.xib */; };
		F61435B1176C3885000484AC /* URBSegmentedControl.m in Sources */ = {isa = PBXBuildFile; fileRef = F61435B0176C3885000484AC /* URBSegmentedControl.m */; };
		F6200B091741CEFD00BBC87E /* UIView+Helper.m in Sources */ = {isa = PBXBuildFile; fileRef = F6200B081741CEFD00BBC87E /* UIView+Helper.m */; };
		F623AC401728FBB40060DD4E /* MR_PathNodeView.m in Sources */ = {isa = PBXBuildFile; fileRef = F623AC3F1728FBB40060DD4E /* MR_PathNodeView.m */; };
		F623AC51172906740060DD4E /* NIDropDown.m in Sources */ = {isa = PBXBuildFile; fileRef = F623AC50172906740060DD4E /* NIDropDown.m */; };
		F62862AF173F66180090C00D /* MR_ChapterScoreCtro.m in Sources */ = {isa = PBXBuildFile; fileRef = F62862AE173F66170090C00D /* MR_ChapterScoreCtro.m */; };
		F62862B8173F84310090C00D /* MR_ChapterHeadView.m in Sources */ = {isa = PBXBuildFile; fileRef = F62862B7173F84300090C00D /* MR_ChapterHeadView.m */; };
		F62862BB173F84600090C00D /* MR_ChapterSearchView.m in Sources */ = {isa = PBXBuildFile; fileRef = F62862BA173F84600090C00D /* MR_ChapterSearchView.m */; };
		F62BF839172E2FC400054E55 /* MR_ClauseHeadView.m in Sources */ = {isa = PBXBuildFile; fileRef = F62BF830172E2FC400054E55 /* MR_ClauseHeadView.m */; };
		F62BF83A172E2FC400054E55 /* MR_ClauseNodeView.m in Sources */ = {isa = PBXBuildFile; fileRef = F62BF832172E2FC400054E55 /* MR_ClauseNodeView.m */; };
		F62BF83D172E2FC400054E55 /* MR_ExplainView.m in Sources */ = {isa = PBXBuildFile; fileRef = F62BF838172E2FC400054E55 /* MR_ExplainView.m */; };
		F62BF85C172E68DE00054E55 /* MR_ArrowView.m in Sources */ = {isa = PBXBuildFile; fileRef = F62BF85B172E68DC00054E55 /* MR_ArrowView.m */; };
		F63A89D4173000A00007B5C7 /* MR_OperateView.m in Sources */ = {isa = PBXBuildFile; fileRef = F63A89D31730009F0007B5C7 /* MR_OperateView.m */; };
		F63AC96B173634FB00C8C7C3 /* MR_ClauseTable.m in Sources */ = {isa = PBXBuildFile; fileRef = F63AC96A173634FB00C8C7C3 /* MR_ClauseTable.m */; };
		F641710917256FC100648A5E /* CFNetwork.framework in Frameworks */ = {isa = PBXBuildFile; fileRef = F641710817256FC100648A5E /* CFNetwork.framework */; };
		F641710B1725702300648A5E /* libz.1.2.5.dylib in Frameworks */ = {isa = PBXBuildFile; fileRef = F641710A1725702300648A5E /* libz.1.2.5.dylib */; };
		F641710D1725716000648A5E /* SystemConfiguration.framework in Frameworks */ = {isa = PBXBuildFile; fileRef = F641710C1725716000648A5E /* SystemConfiguration.framework */; };
		F641710F1725718500648A5E /* MobileCoreServices.framework in Frameworks */ = {isa = PBXBuildFile; fileRef = F641710E1725718500648A5E /* MobileCoreServices.framework */; };
		F641714F17258B7600648A5E /* ASIAuthenticationDialog.m in Sources */ = {isa = PBXBuildFile; fileRef = F641711C17258B7600648A5E /* ASIAuthenticationDialog.m */; };
		F641715017258B7600648A5E /* ASIDataCompressor.m in Sources */ = {isa = PBXBuildFile; fileRef = F641711F17258B7600648A5E /* ASIDataCompressor.m */; };
		F641715117258B7600648A5E /* ASIDataDecompressor.m in Sources */ = {isa = PBXBuildFile; fileRef = F641712117258B7600648A5E /* ASIDataDecompressor.m */; };
		F641715217258B7600648A5E /* ASIDownloadCache.m in Sources */ = {isa = PBXBuildFile; fileRef = F641712317258B7600648A5E /* ASIDownloadCache.m */; };
		F641715317258B7600648A5E /* ASIFormDataRequest.m in Sources */ = {isa = PBXBuildFile; fileRef = F641712517258B7600648A5E /* ASIFormDataRequest.m */; };
		F641715417258B7600648A5E /* ASIHTTPRequest.m in Sources */ = {isa = PBXBuildFile; fileRef = F641712717258B7600648A5E /* ASIHTTPRequest.m */; };
		F641715517258B7600648A5E /* ASIInputStream.m in Sources */ = {isa = PBXBuildFile; fileRef = F641712B17258B7600648A5E /* ASIInputStream.m */; };
		F641715617258B7600648A5E /* ASINetworkQueue.m in Sources */ = {isa = PBXBuildFile; fileRef = F641712D17258B7600648A5E /* ASINetworkQueue.m */; };
		F641716D1725922100648A5E /* Reachability.m in Sources */ = {isa = PBXBuildFile; fileRef = F641716C1725922100648A5E /* Reachability.m */; };
		F64171731725957600648A5E /* NSString+Helper.m in Sources */ = {isa = PBXBuildFile; fileRef = F64171721725957400648A5E /* NSString+Helper.m */; };
		F64A26E917429F480085B509 /* MR_TableClauseView.m in Sources */ = {isa = PBXBuildFile; fileRef = F64A26E817429F480085B509 /* MR_TableClauseView.m */; };
		F64F326B173E0E4B00AF7A15 /* MR_ClauseTopView.m in Sources */ = {isa = PBXBuildFile; fileRef = F64F326A173E0E4B00AF7A15 /* MR_ClauseTopView.m */; };
		F64F327B173E47C100AF7A15 /* MR_PopSelectListView.m in Sources */ = {isa = PBXBuildFile; fileRef = F64F327A173E47C100AF7A15 /* MR_PopSelectListView.m */; };
		F65CCD04173A818F002C23EF /* login_login.jpg in Resources */ = {isa = PBXBuildFile; fileRef = F65CCD03173A818F002C23EF /* login_login.jpg */; };
		F65CCD07173A831C002C23EF /* top_bg.gif in Resources */ = {isa = PBXBuildFile; fileRef = F65CCD06173A831C002C23EF /* top_bg.gif */; };
		F65CCD09173A8640002C23EF /* lujing_s.png in Resources */ = {isa = PBXBuildFile; fileRef = F65CCD08173A8640002C23EF /* lujing_s.png */; };
		F65CCD0C173A88E9002C23EF /* tiaokuanck_s.png in Resources */ = {isa = PBXBuildFile; fileRef = F65CCD0A173A88E8002C23EF /* tiaokuanck_s.png */; };
		F65CCD0D173A88E9002C23EF /* tiaokuanlr_s.png in Resources */ = {isa = PBXBuildFile; fileRef = F65CCD0B173A88E9002C23EF /* tiaokuanlr_s.png */; };
		F65CCD0F173A8B63002C23EF /* logout.png in Resources */ = {isa = PBXBuildFile; fileRef = F65CCD0E173A8B63002C23EF /* logout.png */; };
		F65CCD16173A954F002C23EF /* Icon.png in Resources */ = {isa = PBXBuildFile; fileRef = F65CCD14173A954E002C23EF /* Icon.png */; };
		F65CCD17173A954F002C23EF /* Icon@2x.png in Resources */ = {isa = PBXBuildFile; fileRef = F65CCD15173A954E002C23EF /* Icon@2x.png */; };
		F66C2A1C1751E26300FFB968 /* drawable_selector_list_select.png in Resources */ = {isa = PBXBuildFile; fileRef = F66C2A1A1751E26300FFB968 /* drawable_selector_list_select.png */; };
		F66C2A1D1751E26300FFB968 /* home_title_bg.png in Resources */ = {isa = PBXBuildFile; fileRef = F66C2A1B1751E26300FFB968 /* home_title_bg.png */; };
		F66C2A231751E4E200FFB968 /* drawable_selector_catalog_select.9.png in Resources */ = {isa = PBXBuildFile; fileRef = F66C2A211751E4E200FFB968 /* drawable_selector_catalog_select.9.png */; };
		F66C2A241751E4E200FFB968 /* gridview_bg.png in Resources */ = {isa = PBXBuildFile; fileRef = F66C2A221751E4E200FFB968 /* gridview_bg.png */; };
		F66C2A2A175258D000FFB968 /* btn_img.png in Resources */ = {isa = PBXBuildFile; fileRef = F66C2A29175258D000FFB968 /* btn_img.png */; };
		F66C2A2D17525A7800FFB968 /* shen.gif in Resources */ = {isa = PBXBuildFile; fileRef = F66C2A2B17525A7700FFB968 /* shen.gif */; };
		F66C2A2E17525A7800FFB968 /* suo.gif in Resources */ = {isa = PBXBuildFile; fileRef = F66C2A2C17525A7700FFB968 /* suo.gif */; };
		F673B66417ACA053002CE425 /* Settings.bundle in Resources */ = {isa = PBXBuildFile; fileRef = F673B66317ACA053002CE425 /* Settings.bundle */; };
		F677285B1752F25C005BB1B4 /* AHReach.m in Sources */ = {isa = PBXBuildFile; fileRef = F677285A1752F25C005BB1B4 /* AHReach.m */; };
		F677286817533240005BB1B4 /* CFinishChart.m in Sources */ = {isa = PBXBuildFile; fileRef = F677286717533240005BB1B4 /* CFinishChart.m */; };
		F677286C17533484005BB1B4 /* CGradientRect.m in Sources */ = {isa = PBXBuildFile; fileRef = F677286B17533484005BB1B4 /* CGradientRect.m */; };
		F678A94317278AA3000DAB46 /* MR_LoginCtro.m in Sources */ = {isa = PBXBuildFile; fileRef = F678A94117278AA3000DAB46 /* MR_LoginCtro.m */; };
		F678A94417278AA3000DAB46 /* MR_LoginCtro.xib in Resources */ = {isa = PBXBuildFile; fileRef = F678A94217278AA3000DAB46 /* MR_LoginCtro.xib */; };
		F678A9A11727DA68000DAB46 /* Localizable.strings in Resources */ = {isa = PBXBuildFile; fileRef = F678A9A01727DA68000DAB46 /* Localizable.strings */; };
		F67904C217410B6E0059A5EA /* ButtonMenu@2x.png in Resources */ = {isa = PBXBuildFile; fileRef = F67904C017410B6E0059A5EA /* ButtonMenu@2x.png */; };
		F67BA169173C07E2001F7228 /* json_loaddata.txt in Resources */ = {isa = PBXBuildFile; fileRef = F67BA168173C07E2001F7228 /* json_loaddata.txt */; };
		F67CC73E17280D0100004FD4 /* MR_MainCtro.m in Sources */ = {isa = PBXBuildFile; fileRef = F67CC73D17280D0100004FD4 /* MR_MainCtro.m */; };
		F67E1551172F4660004FF751 /* MR_ScoreRadioView.m in Sources */ = {isa = PBXBuildFile; fileRef = F67E1550172F465F004FF751 /* MR_ScoreRadioView.m */; };
		F67E155D172F6913004FF751 /* RadioButton-Selected.png in Resources */ = {isa = PBXBuildFile; fileRef = F67E155B172F6913004FF751 /* RadioButton-Selected.png */; };
		F67E155E172F6913004FF751 /* RadioButton-Unselected.png in Resources */ = {isa = PBXBuildFile; fileRef = F67E155C172F6913004FF751 /* RadioButton-Unselected.png */; };
		F67E1569172F8EB2004FF751 /* RadioButton.m in Sources */ = {isa = PBXBuildFile; fileRef = F67E1568172F8EB2004FF751 /* RadioButton.m */; };
		F67E557A1726ACAA00573BF8 /* GTMBase64.m in Sources */ = {isa = PBXBuildFile; fileRef = F67E55751726ACAA00573BF8 /* GTMBase64.m */; };
		F67E557B1726ACAA00573BF8 /* MBProgressHUD.m in Sources */ = {isa = PBXBuildFile; fileRef = F67E55791726ACAA00573BF8 /* MBProgressHUD.m */; };
		F67E55891726AE1200573BF8 /* 37x-Checkmark.png in Resources */ = {isa = PBXBuildFile; fileRef = F67E55851726AE1200573BF8 /* 37x-Checkmark.png */; };
		F67E558A1726AE1200573BF8 /* 37x-Checkmark@2x.png in Resources */ = {isa = PBXBuildFile; fileRef = F67E55861726AE1200573BF8 /* 37x-Checkmark@2x.png */; };
		F67E55951726C0CF00573BF8 /* MR_PathScoreCtro.m in Sources */ = {isa = PBXBuildFile; fileRef = F67E55941726C0CF00573BF8 /* MR_PathScoreCtro.m */; };
		F67E55B41726D49200573BF8 /* choose_normal.png in Resources */ = {isa = PBXBuildFile; fileRef = F67E55B21726D49200573BF8 /* choose_normal.png */; };
		F67E55B51726D49200573BF8 /* choose_pressed.png in Resources */ = {isa = PBXBuildFile; fileRef = F67E55B31726D49200573BF8 /* choose_pressed.png */; };
		F696849E1747CE8000567AEB /* NSArray+Helper.m in Sources */ = {isa = PBXBuildFile; fileRef = F696849D1747CE8000567AEB /* NSArray+Helper.m */; };
		F69C6CF017251635008247F5 /* MR_AppDelegate.m in Sources */ = {isa = PBXBuildFile; fileRef = F69C6CEF17251635008247F5 /* MR_AppDelegate.m */; };
		F6B1B2D71725362B00A51DDD /* JSONKit.m in Sources */ = {isa = PBXBuildFile; fileRef = F6B1B2CA1725362B00A51DDD /* JSONKit.m */; };
		F6B1B2D81725362B00A51DDD /* NSDate+Helper.m in Sources */ = {isa = PBXBuildFile; fileRef = F6B1B2CD1725362B00A51DDD /* NSDate+Helper.m */; };
		F6B1B2E11725397D00A51DDD /* GlobalInfo.m in Sources */ = {isa = PBXBuildFile; fileRef = F6B1B2E01725397D00A51DDD /* GlobalInfo.m */; };
		F6B1B2F2172539F200A51DDD /* Common.m in Sources */ = {isa = PBXBuildFile; fileRef = F6B1B2E5172539F200A51DDD /* Common.m */; };
		F6B1B2F3172539F200A51DDD /* FileHelper.m in Sources */ = {isa = PBXBuildFile; fileRef = F6B1B2E7172539F200A51DDD /* FileHelper.m */; };
		F6B1B2F4172539F200A51DDD /* NSDate+Common.m in Sources */ = {isa = PBXBuildFile; fileRef = F6B1B2EA172539F200A51DDD /* NSDate+Common.m */; };
		F6B8A83F176C556000B76C10 /* HMSegmentedControl.m in Sources */ = {isa = PBXBuildFile; fileRef = F6B8A83E176C556000B76C10 /* HMSegmentedControl.m */; };
		F6B8A87A176C577C00B76C10 /* QuartzCore.framework in Frameworks */ = {isa = PBXBuildFile; fileRef = F6B8A879176C577C00B76C10 /* QuartzCore.framework */; };
		F6B8A886176C64AA00B76C10 /* UIColor+MLPFlatColors.m in Sources */ = {isa = PBXBuildFile; fileRef = F6B8A885176C64AA00B76C10 /* UIColor+MLPFlatColors.m */; };
		F6C0C12A175B8CAE00D3AC11 /* 对口支援.html in Resources */ = {isa = PBXBuildFile; fileRef = F6C0C129175B8CAE00D3AC11 /* 对口支援.html */; };
		F6C0C130175B8D6800D3AC11 /* webViewContent.html in Resources */ = {isa = PBXBuildFile; fileRef = F6C0C12F175B8D6800D3AC11 /* webViewContent.html */; };
		F6C2972D17267580002FB4B8 /* MR_User.m in Sources */ = {isa = PBXBuildFile; fileRef = F6C2972C17267580002FB4B8 /* MR_User.m */; };
		F6C2973117267C2E002FB4B8 /* MR_MainPageView.m in Sources */ = {isa = PBXBuildFile; fileRef = F6C2973017267C2E002FB4B8 /* MR_MainPageView.m */; };
		F6C2973417267C43002FB4B8 /* MR_LeftPageView.m in Sources */ = {isa = PBXBuildFile; fileRef = F6C2973317267C43002FB4B8 /* MR_LeftPageView.m */; };
		F6C2973717267C6D002FB4B8 /* MR_TopPageView.m in Sources */ = {isa = PBXBuildFile; fileRef = F6C2973617267C6D002FB4B8 /* MR_TopPageView.m */; };
		F6CFD5C3176D6AF30047AE15 /* detail.png in Resources */ = {isa = PBXBuildFile; fileRef = F6CFD5C2176D6AF30047AE15 /* detail.png */; };
		F6CFD5C5176D6B4E0047AE15 /* export.png in Resources */ = {isa = PBXBuildFile; fileRef = F6CFD5C4176D6B4E0047AE15 /* export.png */; };
		F6CFD5C8176D6DCC0047AE15 /* delete.png in Resources */ = {isa = PBXBuildFile; fileRef = F6CFD5C6176D6DCC0047AE15 /* delete.png */; };
		F6CFD5C9176D6DCC0047AE15 /* fast.png in Resources */ = {isa = PBXBuildFile; fileRef = F6CFD5C7176D6DCC0047AE15 /* fast.png */; };
		F6E078B81724F43C00C00E6B /* InfoPlist.strings in Resources */ = {isa = PBXBuildFile; fileRef = F6E078B11724F43C00C00E6B /* InfoPlist.strings */; };
		F6E078B91724F43C00C00E6B /* main.m in Sources */ = {isa = PBXBuildFile; fileRef = F6E078B21724F43C00C00E6B /* main.m */; };
		F6EF2B0017390D2400BC3355 /* json_score.txt in Resources */ = {isa = PBXBuildFile; fileRef = F6EF2AFF17390D2400BC3355 /* json_score.txt */; };
		F6FD5D4E17579F8300218A59 /* beijing.jpg in Resources */ = {isa = PBXBuildFile; fileRef = F6FD5D4B17579F7900218A59 /* beijing.jpg */; };
		F6FD5D4F17579F8300218A59 /* beijing1.jpg in Resources */ = {isa = PBXBuildFile; fileRef = F6FD5D4C17579F7B00218A59 /* beijing1.jpg */; };
		F6FD5D5017579F8300218A59 /* beijing2.jpg in Resources */ = {isa = PBXBuildFile; fileRef = F6FD5D4D17579F7E00218A59 /* beijing2.jpg */; };
		F6FD5D571757A15900218A59 /* MR_ProgressCheckCtro.m in Sources */ = {isa = PBXBuildFile; fileRef = F6FD5D561757A15900218A59 /* MR_ProgressCheckCtro.m */; };
		F6FD5D621757A87800218A59 /* ScrollTableController.m in Sources */ = {isa = PBXBuildFile; fileRef = F6FD5D611757A87800218A59 /* ScrollTableController.m */; };
		F6FD5D651757A96A00218A59 /* UILabel+Helper.m in Sources */ = {isa = PBXBuildFile; fileRef = F6FD5D641757A96A00218A59 /* UILabel+Helper.m */; };
		F6FD5D6B1757B5DD00218A59 /* progress.txt in Resources */ = {isa = PBXBuildFile; fileRef = F6FD5D6A1757B5DD00218A59 /* progress.txt */; };
		F6FEE1AC1768C46C005C9ADA /* jindu_s.png in Resources */ = {isa = PBXBuildFile; fileRef = F6FEE1AB1768C46B005C9ADA /* jindu_s.png */; };
		F6FEE1B31768C90D005C9ADA /* close_x.png in Resources */ = {isa = PBXBuildFile; fileRef = F6FEE1B21768C90D005C9ADA /* close_x.png */; };
/* End PBXBuildFile section */

/* Begin PBXFileReference section */
		3E8BDB52172EDBB900218B91 /* MR_PathCell.h */ = {isa = PBXFileReference; fileEncoding = 4; lastKnownFileType = sourcecode.c.h; name = MR_PathCell.h; path = ../MR_PathCell.h; sourceTree = "<group>"; };
		3E8BDB53172EDBB900218B91 /* MR_PathCell.m */ = {isa = PBXFileReference; fileEncoding = 4; lastKnownFileType = sourcecode.c.objc; name = MR_PathCell.m; path = ../MR_PathCell.m; sourceTree = "<group>"; };
		F602F4A1172651AD005FE31F /* ASIHTTPRequest+Helper.h */ = {isa = PBXFileReference; fileEncoding = 4; lastKnownFileType = sourcecode.c.h; path = "ASIHTTPRequest+Helper.h"; sourceTree = "<group>"; };
		F602F4A2172651AD005FE31F /* ASIHTTPRequest+Helper.m */ = {isa = PBXFileReference; fileEncoding = 4; lastKnownFileType = sourcecode.c.objc; path = "ASIHTTPRequest+Helper.m"; sourceTree = "<group>"; };
		F602F4B117266414005FE31F /* MR_Doctor.h */ = {isa = PBXFileReference; fileEncoding = 4; lastKnownFileType = sourcecode.c.h; path = MR_Doctor.h; sourceTree = "<group>"; };
		F602F4B217266414005FE31F /* MR_Doctor.m */ = {isa = PBXFileReference; fileEncoding = 4; lastKnownFileType = sourcecode.c.objc; path = MR_Doctor.m; sourceTree = "<group>"; };
		F602F4B41726648D005FE31F /* MR_Leader.h */ = {isa = PBXFileReference; fileEncoding = 4; lastKnownFileType = sourcecode.c.h; path = MR_Leader.h; sourceTree = "<group>"; };
		F602F4B51726648D005FE31F /* MR_Leader.m */ = {isa = PBXFileReference; fileEncoding = 4; lastKnownFileType = sourcecode.c.objc; path = MR_Leader.m; sourceTree = "<group>"; };
		F602F4BA17266D13005FE31F /* MR_RootController.h */ = {isa = PBXFileReference; fileEncoding = 4; lastKnownFileType = sourcecode.c.h; path = MR_RootController.h; sourceTree = "<group>"; };
		F602F4BB17266D13005FE31F /* MR_RootController.m */ = {isa = PBXFileReference; fileEncoding = 4; lastKnownFileType = sourcecode.c.objc; path = MR_RootController.m; sourceTree = "<group>"; };
		F602F4BD17266E75005FE31F /* MR_RootView.h */ = {isa = PBXFileReference; fileEncoding = 4; lastKnownFileType = sourcecode.c.h; path = MR_RootView.h; sourceTree = "<group>"; };
		F602F4BE17266E75005FE31F /* MR_RootView.m */ = {isa = PBXFileReference; fileEncoding = 4; lastKnownFileType = sourcecode.c.objc; path = MR_RootView.m; sourceTree = "<group>"; };
		F606A07A1724BF3100490D04 /* MedicalReview.app */ = {isa = PBXFileReference; explicitFileType = wrapper.application; includeInIndex = 0; path = MedicalReview.app; sourceTree = BUILT_PRODUCTS_DIR; };
		F606A07E1724BF3100490D04 /* UIKit.framework */ = {isa = PBXFileReference; lastKnownFileType = wrapper.framework; name = UIKit.framework; path = System/Library/Frameworks/UIKit.framework; sourceTree = SDKROOT; };
		F606A0801724BF3100490D04 /* Foundation.framework */ = {isa = PBXFileReference; lastKnownFileType = wrapper.framework; name = Foundation.framework; path = System/Library/Frameworks/Foundation.framework; sourceTree = SDKROOT; };
		F606A0821724BF3100490D04 /* CoreGraphics.framework */ = {isa = PBXFileReference; lastKnownFileType = wrapper.framework; name = CoreGraphics.framework; path = System/Library/Frameworks/CoreGraphics.framework; sourceTree = SDKROOT; };
		F606A0B71724CBD000490D04 /* Default-568h@2x.png */ = {isa = PBXFileReference; lastKnownFileType = image.png; path = "Default-568h@2x.png"; sourceTree = "<group>"; };
		F606A0B81724CBD000490D04 /* Default.png */ = {isa = PBXFileReference; lastKnownFileType = image.png; path = Default.png; sourceTree = "<group>"; };
		F606A0B91724CBD000490D04 /* Default@2x.png */ = {isa = PBXFileReference; lastKnownFileType = image.png; path = "Default@2x.png"; sourceTree = "<group>"; };
		F609B7F31767095700EEDF59 /* MR_ClauseDetailCtro.h */ = {isa = PBXFileReference; fileEncoding = 4; lastKnownFileType = sourcecode.c.h; path = MR_ClauseDetailCtro.h; sourceTree = "<group>"; };
		F609B7F41767095700EEDF59 /* MR_ClauseDetailCtro.m */ = {isa = PBXFileReference; fileEncoding = 4; lastKnownFileType = sourcecode.c.objc; path = MR_ClauseDetailCtro.m; sourceTree = "<group>"; };
		F609B7FB1767139700EEDF59 /* MR_ClauseDetailCtro.xib */ = {isa = PBXFileReference; fileEncoding = 4; lastKnownFileType = file.xib; path = MR_ClauseDetailCtro.xib; sourceTree = "<group>"; };
		F609B7FD1767298700EEDF59 /* MR_ClauseLinkWebCtro.h */ = {isa = PBXFileReference; fileEncoding = 4; lastKnownFileType = sourcecode.c.h; path = MR_ClauseLinkWebCtro.h; sourceTree = "<group>"; };
		F609B7FE1767298700EEDF59 /* MR_ClauseLinkWebCtro.m */ = {isa = PBXFileReference; fileEncoding = 4; lastKnownFileType = sourcecode.c.objc; path = MR_ClauseLinkWebCtro.m; sourceTree = "<group>"; };
		F609B80217672B4D00EEDF59 /* MR_ClauseLinkWebCtro.xib */ = {isa = PBXFileReference; fileEncoding = 4; lastKnownFileType = file.xib; path = MR_ClauseLinkWebCtro.xib; sourceTree = "<group>"; };
		F61435AF176C3885000484AC /* URBSegmentedControl.h */ = {isa = PBXFileReference; fileEncoding = 4; lastKnownFileType = sourcecode.c.h; path = URBSegmentedControl.h; sourceTree = "<group>"; };
		F61435B0176C3885000484AC /* URBSegmentedControl.m */ = {isa = PBXFileReference; fileEncoding = 4; lastKnownFileType = sourcecode.c.objc; path = URBSegmentedControl.m; sourceTree = "<group>"; };
		F6200B071741CEFD00BBC87E /* UIView+Helper.h */ = {isa = PBXFileReference; fileEncoding = 4; lastKnownFileType = sourcecode.c.h; path = "UIView+Helper.h"; sourceTree = "<group>"; };
		F6200B081741CEFD00BBC87E /* UIView+Helper.m */ = {isa = PBXFileReference; fileEncoding = 4; lastKnownFileType = sourcecode.c.objc; path = "UIView+Helper.m"; sourceTree = "<group>"; };
		F623AC3E1728FBB40060DD4E /* MR_PathNodeView.h */ = {isa = PBXFileReference; fileEncoding = 4; lastKnownFileType = sourcecode.c.h; path = MR_PathNodeView.h; sourceTree = "<group>"; };
		F623AC3F1728FBB40060DD4E /* MR_PathNodeView.m */ = {isa = PBXFileReference; fileEncoding = 4; lastKnownFileType = sourcecode.c.objc; path = MR_PathNodeView.m; sourceTree = "<group>"; };
		F623AC4F172906740060DD4E /* NIDropDown.h */ = {isa = PBXFileReference; fileEncoding = 4; lastKnownFileType = sourcecode.c.h; path = NIDropDown.h; sourceTree = "<group>"; };
		F623AC50172906740060DD4E /* NIDropDown.m */ = {isa = PBXFileReference; fileEncoding = 4; lastKnownFileType = sourcecode.c.objc; path = NIDropDown.m; sourceTree = "<group>"; };
		F62862AD173F66170090C00D /* MR_ChapterScoreCtro.h */ = {isa = PBXFileReference; fileEncoding = 4; lastKnownFileType = sourcecode.c.h; path = MR_ChapterScoreCtro.h; sourceTree = "<group>"; };
		F62862AE173F66170090C00D /* MR_ChapterScoreCtro.m */ = {isa = PBXFileReference; fileEncoding = 4; lastKnownFileType = sourcecode.c.objc; path = MR_ChapterScoreCtro.m; sourceTree = "<group>"; };
		F62862B6173F842F0090C00D /* MR_ChapterHeadView.h */ = {isa = PBXFileReference; fileEncoding = 4; lastKnownFileType = sourcecode.c.h; path = MR_ChapterHeadView.h; sourceTree = "<group>"; };
		F62862B7173F84300090C00D /* MR_ChapterHeadView.m */ = {isa = PBXFileReference; fileEncoding = 4; lastKnownFileType = sourcecode.c.objc; path = MR_ChapterHeadView.m; sourceTree = "<group>"; };
		F62862B9173F845F0090C00D /* MR_ChapterSearchView.h */ = {isa = PBXFileReference; fileEncoding = 4; lastKnownFileType = sourcecode.c.h; path = MR_ChapterSearchView.h; sourceTree = "<group>"; };
		F62862BA173F84600090C00D /* MR_ChapterSearchView.m */ = {isa = PBXFileReference; fileEncoding = 4; lastKnownFileType = sourcecode.c.objc; path = MR_ChapterSearchView.m; sourceTree = "<group>"; };
		F62BF82F172E2FC400054E55 /* MR_ClauseHeadView.h */ = {isa = PBXFileReference; fileEncoding = 4; lastKnownFileType = sourcecode.c.h; path = MR_ClauseHeadView.h; sourceTree = "<group>"; };
		F62BF830172E2FC400054E55 /* MR_ClauseHeadView.m */ = {isa = PBXFileReference; fileEncoding = 4; lastKnownFileType = sourcecode.c.objc; path = MR_ClauseHeadView.m; sourceTree = "<group>"; };
		F62BF831172E2FC400054E55 /* MR_ClauseNodeView.h */ = {isa = PBXFileReference; fileEncoding = 4; lastKnownFileType = sourcecode.c.h; path = MR_ClauseNodeView.h; sourceTree = "<group>"; };
		F62BF832172E2FC400054E55 /* MR_ClauseNodeView.m */ = {isa = PBXFileReference; fileEncoding = 4; lastKnownFileType = sourcecode.c.objc; path = MR_ClauseNodeView.m; sourceTree = "<group>"; };
		F62BF837172E2FC400054E55 /* MR_ExplainView.h */ = {isa = PBXFileReference; fileEncoding = 4; lastKnownFileType = sourcecode.c.h; path = MR_ExplainView.h; sourceTree = "<group>"; };
		F62BF838172E2FC400054E55 /* MR_ExplainView.m */ = {isa = PBXFileReference; fileEncoding = 4; lastKnownFileType = sourcecode.c.objc; path = MR_ExplainView.m; sourceTree = "<group>"; };
		F62BF85A172E68DB00054E55 /* MR_ArrowView.h */ = {isa = PBXFileReference; fileEncoding = 4; lastKnownFileType = sourcecode.c.h; path = MR_ArrowView.h; sourceTree = "<group>"; };
		F62BF85B172E68DC00054E55 /* MR_ArrowView.m */ = {isa = PBXFileReference; fileEncoding = 4; lastKnownFileType = sourcecode.c.objc; path = MR_ArrowView.m; sourceTree = "<group>"; };
		F63A89D21730009F0007B5C7 /* MR_OperateView.h */ = {isa = PBXFileReference; fileEncoding = 4; lastKnownFileType = sourcecode.c.h; path = MR_OperateView.h; sourceTree = "<group>"; };
		F63A89D31730009F0007B5C7 /* MR_OperateView.m */ = {isa = PBXFileReference; fileEncoding = 4; lastKnownFileType = sourcecode.c.objc; path = MR_OperateView.m; sourceTree = "<group>"; };
		F63AC969173634FA00C8C7C3 /* MR_ClauseTable.h */ = {isa = PBXFileReference; fileEncoding = 4; lastKnownFileType = sourcecode.c.h; path = MR_ClauseTable.h; sourceTree = "<group>"; };
		F63AC96A173634FB00C8C7C3 /* MR_ClauseTable.m */ = {isa = PBXFileReference; fileEncoding = 4; lastKnownFileType = sourcecode.c.objc; path = MR_ClauseTable.m; sourceTree = "<group>"; };
		F641710817256FC100648A5E /* CFNetwork.framework */ = {isa = PBXFileReference; lastKnownFileType = wrapper.framework; name = CFNetwork.framework; path = System/Library/Frameworks/CFNetwork.framework; sourceTree = SDKROOT; };
		F641710A1725702300648A5E /* libz.1.2.5.dylib */ = {isa = PBXFileReference; lastKnownFileType = "compiled.mach-o.dylib"; name = libz.1.2.5.dylib; path = usr/lib/libz.1.2.5.dylib; sourceTree = SDKROOT; };
		F641710C1725716000648A5E /* SystemConfiguration.framework */ = {isa = PBXFileReference; lastKnownFileType = wrapper.framework; name = SystemConfiguration.framework; path = System/Library/Frameworks/SystemConfiguration.framework; sourceTree = SDKROOT; };
		F641710E1725718500648A5E /* MobileCoreServices.framework */ = {isa = PBXFileReference; lastKnownFileType = wrapper.framework; name = MobileCoreServices.framework; path = System/Library/Frameworks/MobileCoreServices.framework; sourceTree = SDKROOT; };
		F641711B17258B7600648A5E /* ASIAuthenticationDialog.h */ = {isa = PBXFileReference; fileEncoding = 4; lastKnownFileType = sourcecode.c.h; path = ASIAuthenticationDialog.h; sourceTree = "<group>"; };
		F641711C17258B7600648A5E /* ASIAuthenticationDialog.m */ = {isa = PBXFileReference; fileEncoding = 4; lastKnownFileType = sourcecode.c.objc; path = ASIAuthenticationDialog.m; sourceTree = "<group>"; };
		F641711D17258B7600648A5E /* ASICacheDelegate.h */ = {isa = PBXFileReference; fileEncoding = 4; lastKnownFileType = sourcecode.c.h; path = ASICacheDelegate.h; sourceTree = "<group>"; };
		F641711E17258B7600648A5E /* ASIDataCompressor.h */ = {isa = PBXFileReference; fileEncoding = 4; lastKnownFileType = sourcecode.c.h; path = ASIDataCompressor.h; sourceTree = "<group>"; };
		F641711F17258B7600648A5E /* ASIDataCompressor.m */ = {isa = PBXFileReference; fileEncoding = 4; lastKnownFileType = sourcecode.c.objc; path = ASIDataCompressor.m; sourceTree = "<group>"; };
		F641712017258B7600648A5E /* ASIDataDecompressor.h */ = {isa = PBXFileReference; fileEncoding = 4; lastKnownFileType = sourcecode.c.h; path = ASIDataDecompressor.h; sourceTree = "<group>"; };
		F641712117258B7600648A5E /* ASIDataDecompressor.m */ = {isa = PBXFileReference; fileEncoding = 4; lastKnownFileType = sourcecode.c.objc; path = ASIDataDecompressor.m; sourceTree = "<group>"; };
		F641712217258B7600648A5E /* ASIDownloadCache.h */ = {isa = PBXFileReference; fileEncoding = 4; lastKnownFileType = sourcecode.c.h; path = ASIDownloadCache.h; sourceTree = "<group>"; };
		F641712317258B7600648A5E /* ASIDownloadCache.m */ = {isa = PBXFileReference; fileEncoding = 4; lastKnownFileType = sourcecode.c.objc; path = ASIDownloadCache.m; sourceTree = "<group>"; };
		F641712417258B7600648A5E /* ASIFormDataRequest.h */ = {isa = PBXFileReference; fileEncoding = 4; lastKnownFileType = sourcecode.c.h; path = ASIFormDataRequest.h; sourceTree = "<group>"; };
		F641712517258B7600648A5E /* ASIFormDataRequest.m */ = {isa = PBXFileReference; fileEncoding = 4; lastKnownFileType = sourcecode.c.objc; path = ASIFormDataRequest.m; sourceTree = "<group>"; };
		F641712617258B7600648A5E /* ASIHTTPRequest.h */ = {isa = PBXFileReference; fileEncoding = 4; lastKnownFileType = sourcecode.c.h; path = ASIHTTPRequest.h; sourceTree = "<group>"; };
		F641712717258B7600648A5E /* ASIHTTPRequest.m */ = {isa = PBXFileReference; fileEncoding = 4; lastKnownFileType = sourcecode.c.objc; path = ASIHTTPRequest.m; sourceTree = "<group>"; };
		F641712817258B7600648A5E /* ASIHTTPRequestConfig.h */ = {isa = PBXFileReference; fileEncoding = 4; lastKnownFileType = sourcecode.c.h; path = ASIHTTPRequestConfig.h; sourceTree = "<group>"; };
		F641712917258B7600648A5E /* ASIHTTPRequestDelegate.h */ = {isa = PBXFileReference; fileEncoding = 4; lastKnownFileType = sourcecode.c.h; path = ASIHTTPRequestDelegate.h; sourceTree = "<group>"; };
		F641712A17258B7600648A5E /* ASIInputStream.h */ = {isa = PBXFileReference; fileEncoding = 4; lastKnownFileType = sourcecode.c.h; path = ASIInputStream.h; sourceTree = "<group>"; };
		F641712B17258B7600648A5E /* ASIInputStream.m */ = {isa = PBXFileReference; fileEncoding = 4; lastKnownFileType = sourcecode.c.objc; path = ASIInputStream.m; sourceTree = "<group>"; };
		F641712C17258B7600648A5E /* ASINetworkQueue.h */ = {isa = PBXFileReference; fileEncoding = 4; lastKnownFileType = sourcecode.c.h; path = ASINetworkQueue.h; sourceTree = "<group>"; };
		F641712D17258B7600648A5E /* ASINetworkQueue.m */ = {isa = PBXFileReference; fileEncoding = 4; lastKnownFileType = sourcecode.c.objc; path = ASINetworkQueue.m; sourceTree = "<group>"; };
		F641712E17258B7600648A5E /* ASIProgressDelegate.h */ = {isa = PBXFileReference; fileEncoding = 4; lastKnownFileType = sourcecode.c.h; path = ASIProgressDelegate.h; sourceTree = "<group>"; };
		F641716B1725922100648A5E /* Reachability.h */ = {isa = PBXFileReference; fileEncoding = 4; lastKnownFileType = sourcecode.c.h; path = Reachability.h; sourceTree = "<group>"; };
		F641716C1725922100648A5E /* Reachability.m */ = {isa = PBXFileReference; fileEncoding = 4; lastKnownFileType = sourcecode.c.objc; path = Reachability.m; sourceTree = "<group>"; };
		F64171711725957400648A5E /* NSString+Helper.h */ = {isa = PBXFileReference; fileEncoding = 4; lastKnownFileType = sourcecode.c.h; path = "NSString+Helper.h"; sourceTree = "<group>"; };
		F64171721725957400648A5E /* NSString+Helper.m */ = {isa = PBXFileReference; fileEncoding = 4; lastKnownFileType = sourcecode.c.objc; path = "NSString+Helper.m"; sourceTree = "<group>"; };
		F64A26E717429F480085B509 /* MR_TableClauseView.h */ = {isa = PBXFileReference; fileEncoding = 4; lastKnownFileType = sourcecode.c.h; path = MR_TableClauseView.h; sourceTree = "<group>"; };
		F64A26E817429F480085B509 /* MR_TableClauseView.m */ = {isa = PBXFileReference; fileEncoding = 4; lastKnownFileType = sourcecode.c.objc; path = MR_TableClauseView.m; sourceTree = "<group>"; };
		F64F3269173E0E4B00AF7A15 /* MR_ClauseTopView.h */ = {isa = PBXFileReference; fileEncoding = 4; lastKnownFileType = sourcecode.c.h; path = MR_ClauseTopView.h; sourceTree = "<group>"; };
		F64F326A173E0E4B00AF7A15 /* MR_ClauseTopView.m */ = {isa = PBXFileReference; fileEncoding = 4; lastKnownFileType = sourcecode.c.objc; path = MR_ClauseTopView.m; sourceTree = "<group>"; };
		F64F3279173E47C100AF7A15 /* MR_PopSelectListView.h */ = {isa = PBXFileReference; fileEncoding = 4; lastKnownFileType = sourcecode.c.h; path = MR_PopSelectListView.h; sourceTree = "<group>"; };
		F64F327A173E47C100AF7A15 /* MR_PopSelectListView.m */ = {isa = PBXFileReference; fileEncoding = 4; lastKnownFileType = sourcecode.c.objc; path = MR_PopSelectListView.m; sourceTree = "<group>"; };
		F65CCD03173A818F002C23EF /* login_login.jpg */ = {isa = PBXFileReference; lastKnownFileType = image.jpeg; path = login_login.jpg; sourceTree = "<group>"; };
		F65CCD06173A831C002C23EF /* top_bg.gif */ = {isa = PBXFileReference; lastKnownFileType = image.gif; path = top_bg.gif; sourceTree = "<group>"; };
		F65CCD08173A8640002C23EF /* lujing_s.png */ = {isa = PBXFileReference; lastKnownFileType = image.png; path = lujing_s.png; sourceTree = "<group>"; };
		F65CCD0A173A88E8002C23EF /* tiaokuanck_s.png */ = {isa = PBXFileReference; lastKnownFileType = image.png; path = tiaokuanck_s.png; sourceTree = "<group>"; };
		F65CCD0B173A88E9002C23EF /* tiaokuanlr_s.png */ = {isa = PBXFileReference; lastKnownFileType = image.png; path = tiaokuanlr_s.png; sourceTree = "<group>"; };
		F65CCD0E173A8B63002C23EF /* logout.png */ = {isa = PBXFileReference; lastKnownFileType = image.png; path = logout.png; sourceTree = "<group>"; };
		F65CCD14173A954E002C23EF /* Icon.png */ = {isa = PBXFileReference; lastKnownFileType = image.png; path = Icon.png; sourceTree = "<group>"; };
		F65CCD15173A954E002C23EF /* Icon@2x.png */ = {isa = PBXFileReference; lastKnownFileType = image.png; path = "Icon@2x.png"; sourceTree = "<group>"; };
		F66C2A1A1751E26300FFB968 /* drawable_selector_list_select.png */ = {isa = PBXFileReference; lastKnownFileType = image.png; path = drawable_selector_list_select.png; sourceTree = "<group>"; };
		F66C2A1B1751E26300FFB968 /* home_title_bg.png */ = {isa = PBXFileReference; lastKnownFileType = image.png; path = home_title_bg.png; sourceTree = "<group>"; };
		F66C2A211751E4E200FFB968 /* drawable_selector_catalog_select.9.png */ = {isa = PBXFileReference; lastKnownFileType = image.png; path = drawable_selector_catalog_select.9.png; sourceTree = "<group>"; };
		F66C2A221751E4E200FFB968 /* gridview_bg.png */ = {isa = PBXFileReference; lastKnownFileType = image.png; path = gridview_bg.png; sourceTree = "<group>"; };
		F66C2A29175258D000FFB968 /* btn_img.png */ = {isa = PBXFileReference; lastKnownFileType = image.png; path = btn_img.png; sourceTree = "<group>"; };
		F66C2A2B17525A7700FFB968 /* shen.gif */ = {isa = PBXFileReference; lastKnownFileType = image.gif; path = shen.gif; sourceTree = "<group>"; };
		F66C2A2C17525A7700FFB968 /* suo.gif */ = {isa = PBXFileReference; lastKnownFileType = image.gif; path = suo.gif; sourceTree = "<group>"; };
		F673B66317ACA053002CE425 /* Settings.bundle */ = {isa = PBXFileReference; lastKnownFileType = "wrapper.plug-in"; path = Settings.bundle; sourceTree = "<group>"; };
		F67728591752F25C005BB1B4 /* AHReach.h */ = {isa = PBXFileReference; fileEncoding = 4; lastKnownFileType = sourcecode.c.h; path = AHReach.h; sourceTree = "<group>"; };
		F677285A1752F25C005BB1B4 /* AHReach.m */ = {isa = PBXFileReference; fileEncoding = 4; lastKnownFileType = sourcecode.c.objc; path = AHReach.m; sourceTree = "<group>"; };
		F677286617533240005BB1B4 /* CFinishChart.h */ = {isa = PBXFileReference; fileEncoding = 4; lastKnownFileType = sourcecode.c.h; path = CFinishChart.h; sourceTree = "<group>"; };
		F677286717533240005BB1B4 /* CFinishChart.m */ = {isa = PBXFileReference; fileEncoding = 4; lastKnownFileType = sourcecode.c.objc; path = CFinishChart.m; sourceTree = "<group>"; };
		F677286A17533484005BB1B4 /* CGradientRect.h */ = {isa = PBXFileReference; fileEncoding = 4; lastKnownFileType = sourcecode.c.h; path = CGradientRect.h; sourceTree = "<group>"; };
		F677286B17533484005BB1B4 /* CGradientRect.m */ = {isa = PBXFileReference; fileEncoding = 4; lastKnownFileType = sourcecode.c.objc; path = CGradientRect.m; sourceTree = "<group>"; };
		F678A94017278AA3000DAB46 /* MR_LoginCtro.h */ = {isa = PBXFileReference; fileEncoding = 4; lastKnownFileType = sourcecode.c.h; path = MR_LoginCtro.h; sourceTree = "<group>"; };
		F678A94117278AA3000DAB46 /* MR_LoginCtro.m */ = {isa = PBXFileReference; fileEncoding = 4; lastKnownFileType = sourcecode.c.objc; path = MR_LoginCtro.m; sourceTree = "<group>"; };
		F678A94217278AA3000DAB46 /* MR_LoginCtro.xib */ = {isa = PBXFileReference; fileEncoding = 4; lastKnownFileType = file.xib; path = MR_LoginCtro.xib; sourceTree = "<group>"; };
		F678A9A01727DA68000DAB46 /* Localizable.strings */ = {isa = PBXFileReference; fileEncoding = 4; lastKnownFileType = text.plist.strings; path = Localizable.strings; sourceTree = "<group>"; };
		F67904C017410B6E0059A5EA /* ButtonMenu@2x.png */ = {isa = PBXFileReference; lastKnownFileType = image.png; path = "ButtonMenu@2x.png"; sourceTree = "<group>"; };
		F67BA168173C07E2001F7228 /* json_loaddata.txt */ = {isa = PBXFileReference; fileEncoding = 4; lastKnownFileType = text; path = json_loaddata.txt; sourceTree = "<group>"; };
		F67CC73C17280D0100004FD4 /* MR_MainCtro.h */ = {isa = PBXFileReference; fileEncoding = 4; lastKnownFileType = sourcecode.c.h; path = MR_MainCtro.h; sourceTree = "<group>"; };
		F67CC73D17280D0100004FD4 /* MR_MainCtro.m */ = {isa = PBXFileReference; fileEncoding = 4; lastKnownFileType = sourcecode.c.objc; path = MR_MainCtro.m; sourceTree = "<group>"; };
		F67E154F172F465F004FF751 /* MR_ScoreRadioView.h */ = {isa = PBXFileReference; fileEncoding = 4; lastKnownFileType = sourcecode.c.h; path = MR_ScoreRadioView.h; sourceTree = "<group>"; };
		F67E1550172F465F004FF751 /* MR_ScoreRadioView.m */ = {isa = PBXFileReference; fileEncoding = 4; lastKnownFileType = sourcecode.c.objc; path = MR_ScoreRadioView.m; sourceTree = "<group>"; };
		F67E155B172F6913004FF751 /* RadioButton-Selected.png */ = {isa = PBXFileReference; lastKnownFileType = image.png; path = "RadioButton-Selected.png"; sourceTree = "<group>"; };
		F67E155C172F6913004FF751 /* RadioButton-Unselected.png */ = {isa = PBXFileReference; lastKnownFileType = image.png; path = "RadioButton-Unselected.png"; sourceTree = "<group>"; };
		F67E1567172F8EB2004FF751 /* RadioButton.h */ = {isa = PBXFileReference; fileEncoding = 4; lastKnownFileType = sourcecode.c.h; path = RadioButton.h; sourceTree = "<group>"; };
		F67E1568172F8EB2004FF751 /* RadioButton.m */ = {isa = PBXFileReference; fileEncoding = 4; lastKnownFileType = sourcecode.c.objc; path = RadioButton.m; sourceTree = "<group>"; };
		F67E55741726ACAA00573BF8 /* GTMBase64.h */ = {isa = PBXFileReference; fileEncoding = 4; lastKnownFileType = sourcecode.c.h; path = GTMBase64.h; sourceTree = "<group>"; };
		F67E55751726ACAA00573BF8 /* GTMBase64.m */ = {isa = PBXFileReference; fileEncoding = 4; lastKnownFileType = sourcecode.c.objc; path = GTMBase64.m; sourceTree = "<group>"; };
		F67E55761726ACAA00573BF8 /* GTMDefines.h */ = {isa = PBXFileReference; fileEncoding = 4; lastKnownFileType = sourcecode.c.h; path = GTMDefines.h; sourceTree = "<group>"; };
		F67E55781726ACAA00573BF8 /* MBProgressHUD.h */ = {isa = PBXFileReference; fileEncoding = 4; lastKnownFileType = sourcecode.c.h; path = MBProgressHUD.h; sourceTree = "<group>"; };
		F67E55791726ACAA00573BF8 /* MBProgressHUD.m */ = {isa = PBXFileReference; fileEncoding = 4; lastKnownFileType = sourcecode.c.objc; path = MBProgressHUD.m; sourceTree = "<group>"; };
		F67E55851726AE1200573BF8 /* 37x-Checkmark.png */ = {isa = PBXFileReference; lastKnownFileType = image.png; path = "37x-Checkmark.png"; sourceTree = "<group>"; };
		F67E55861726AE1200573BF8 /* 37x-Checkmark@2x.png */ = {isa = PBXFileReference; lastKnownFileType = image.png; path = "37x-Checkmark@2x.png"; sourceTree = "<group>"; };
		F67E55931726C0CF00573BF8 /* MR_PathScoreCtro.h */ = {isa = PBXFileReference; fileEncoding = 4; lastKnownFileType = sourcecode.c.h; path = MR_PathScoreCtro.h; sourceTree = "<group>"; };
		F67E55941726C0CF00573BF8 /* MR_PathScoreCtro.m */ = {isa = PBXFileReference; fileEncoding = 4; lastKnownFileType = sourcecode.c.objc; path = MR_PathScoreCtro.m; sourceTree = "<group>"; };
		F67E55B21726D49200573BF8 /* choose_normal.png */ = {isa = PBXFileReference; lastKnownFileType = image.png; path = choose_normal.png; sourceTree = "<group>"; };
		F67E55B31726D49200573BF8 /* choose_pressed.png */ = {isa = PBXFileReference; lastKnownFileType = image.png; path = choose_pressed.png; sourceTree = "<group>"; };
		F696849C1747CE8000567AEB /* NSArray+Helper.h */ = {isa = PBXFileReference; fileEncoding = 4; lastKnownFileType = sourcecode.c.h; path = "NSArray+Helper.h"; sourceTree = "<group>"; };
		F696849D1747CE8000567AEB /* NSArray+Helper.m */ = {isa = PBXFileReference; fileEncoding = 4; lastKnownFileType = sourcecode.c.objc; path = "NSArray+Helper.m"; sourceTree = "<group>"; };
		F69C6CEE17251635008247F5 /* MR_AppDelegate.h */ = {isa = PBXFileReference; fileEncoding = 4; lastKnownFileType = sourcecode.c.h; path = MR_AppDelegate.h; sourceTree = "<group>"; };
		F69C6CEF17251635008247F5 /* MR_AppDelegate.m */ = {isa = PBXFileReference; fileEncoding = 4; lastKnownFileType = sourcecode.c.objc; path = MR_AppDelegate.m; sourceTree = "<group>"; };
		F69C6CF117251687008247F5 /* macdefine.h */ = {isa = PBXFileReference; fileEncoding = 4; lastKnownFileType = sourcecode.c.h; path = macdefine.h; sourceTree = "<group>"; };
		F6B1B2C91725362B00A51DDD /* JSONKit.h */ = {isa = PBXFileReference; fileEncoding = 4; lastKnownFileType = sourcecode.c.h; path = JSONKit.h; sourceTree = "<group>"; };
		F6B1B2CA1725362B00A51DDD /* JSONKit.m */ = {isa = PBXFileReference; fileEncoding = 4; lastKnownFileType = sourcecode.c.objc; path = JSONKit.m; sourceTree = "<group>"; };
		F6B1B2CC1725362B00A51DDD /* NSDate+Helper.h */ = {isa = PBXFileReference; fileEncoding = 4; lastKnownFileType = sourcecode.c.h; path = "NSDate+Helper.h"; sourceTree = "<group>"; };
		F6B1B2CD1725362B00A51DDD /* NSDate+Helper.m */ = {isa = PBXFileReference; fileEncoding = 4; lastKnownFileType = sourcecode.c.objc; path = "NSDate+Helper.m"; sourceTree = "<group>"; };
		F6B1B2DF1725397D00A51DDD /* GlobalInfo.h */ = {isa = PBXFileReference; fileEncoding = 4; lastKnownFileType = sourcecode.c.h; path = GlobalInfo.h; sourceTree = "<group>"; };
		F6B1B2E01725397D00A51DDD /* GlobalInfo.m */ = {isa = PBXFileReference; fileEncoding = 4; lastKnownFileType = sourcecode.c.objc; path = GlobalInfo.m; sourceTree = "<group>"; };
		F6B1B2E4172539F200A51DDD /* Common.h */ = {isa = PBXFileReference; fileEncoding = 4; lastKnownFileType = sourcecode.c.h; path = Common.h; sourceTree = "<group>"; };
		F6B1B2E5172539F200A51DDD /* Common.m */ = {isa = PBXFileReference; fileEncoding = 4; lastKnownFileType = sourcecode.c.objc; path = Common.m; sourceTree = "<group>"; };
		F6B1B2E6172539F200A51DDD /* FileHelper.h */ = {isa = PBXFileReference; fileEncoding = 4; lastKnownFileType = sourcecode.c.h; path = FileHelper.h; sourceTree = "<group>"; };
		F6B1B2E7172539F200A51DDD /* FileHelper.m */ = {isa = PBXFileReference; fileEncoding = 4; lastKnownFileType = sourcecode.c.objc; path = FileHelper.m; sourceTree = "<group>"; };
		F6B1B2E8172539F200A51DDD /* MyLog.h */ = {isa = PBXFileReference; fileEncoding = 4; lastKnownFileType = sourcecode.c.h; path = MyLog.h; sourceTree = "<group>"; };
		F6B1B2E9172539F200A51DDD /* NSDate+Common.h */ = {isa = PBXFileReference; fileEncoding = 4; lastKnownFileType = sourcecode.c.h; path = "NSDate+Common.h"; sourceTree = "<group>"; };
		F6B1B2EA172539F200A51DDD /* NSDate+Common.m */ = {isa = PBXFileReference; fileEncoding = 4; lastKnownFileType = sourcecode.c.objc; path = "NSDate+Common.m"; sourceTree = "<group>"; };
		F6B8A83D176C556000B76C10 /* HMSegmentedControl.h */ = {isa = PBXFileReference; fileEncoding = 4; lastKnownFileType = sourcecode.c.h; path = HMSegmentedControl.h; sourceTree = "<group>"; };
		F6B8A83E176C556000B76C10 /* HMSegmentedControl.m */ = {isa = PBXFileReference; fileEncoding = 4; lastKnownFileType = sourcecode.c.objc; path = HMSegmentedControl.m; sourceTree = "<group>"; };
		F6B8A879176C577C00B76C10 /* QuartzCore.framework */ = {isa = PBXFileReference; lastKnownFileType = wrapper.framework; name = QuartzCore.framework; path = System/Library/Frameworks/QuartzCore.framework; sourceTree = SDKROOT; };
		F6B8A884176C64AA00B76C10 /* UIColor+MLPFlatColors.h */ = {isa = PBXFileReference; fileEncoding = 4; lastKnownFileType = sourcecode.c.h; path = "UIColor+MLPFlatColors.h"; sourceTree = "<group>"; };
		F6B8A885176C64AA00B76C10 /* UIColor+MLPFlatColors.m */ = {isa = PBXFileReference; fileEncoding = 4; lastKnownFileType = sourcecode.c.objc; path = "UIColor+MLPFlatColors.m"; sourceTree = "<group>"; };
		F6C0C129175B8CAE00D3AC11 /* 对口支援.html */ = {isa = PBXFileReference; fileEncoding = 4; lastKnownFileType = text.html; path = "对口支援.html"; sourceTree = "<group>"; };
		F6C0C12F175B8D6800D3AC11 /* webViewContent.html */ = {isa = PBXFileReference; fileEncoding = 4; lastKnownFileType = text.html; path = webViewContent.html; sourceTree = "<group>"; };
		F6C2972B17267580002FB4B8 /* MR_User.h */ = {isa = PBXFileReference; fileEncoding = 4; lastKnownFileType = sourcecode.c.h; path = MR_User.h; sourceTree = "<group>"; };
		F6C2972C17267580002FB4B8 /* MR_User.m */ = {isa = PBXFileReference; fileEncoding = 4; lastKnownFileType = sourcecode.c.objc; path = MR_User.m; sourceTree = "<group>"; };
		F6C2972F17267C2E002FB4B8 /* MR_MainPageView.h */ = {isa = PBXFileReference; fileEncoding = 4; lastKnownFileType = sourcecode.c.h; path = MR_MainPageView.h; sourceTree = "<group>"; };
		F6C2973017267C2E002FB4B8 /* MR_MainPageView.m */ = {isa = PBXFileReference; fileEncoding = 4; lastKnownFileType = sourcecode.c.objc; path = MR_MainPageView.m; sourceTree = "<group>"; };
		F6C2973217267C43002FB4B8 /* MR_LeftPageView.h */ = {isa = PBXFileReference; fileEncoding = 4; lastKnownFileType = sourcecode.c.h; path = MR_LeftPageView.h; sourceTree = "<group>"; };
		F6C2973317267C43002FB4B8 /* MR_LeftPageView.m */ = {isa = PBXFileReference; fileEncoding = 4; lastKnownFileType = sourcecode.c.objc; path = MR_LeftPageView.m; sourceTree = "<group>"; };
		F6C2973517267C6D002FB4B8 /* MR_TopPageView.h */ = {isa = PBXFileReference; fileEncoding = 4; lastKnownFileType = sourcecode.c.h; path = MR_TopPageView.h; sourceTree = "<group>"; };
		F6C2973617267C6D002FB4B8 /* MR_TopPageView.m */ = {isa = PBXFileReference; fileEncoding = 4; lastKnownFileType = sourcecode.c.objc; path = MR_TopPageView.m; sourceTree = "<group>"; };
		F6CFD5C2176D6AF30047AE15 /* detail.png */ = {isa = PBXFileReference; lastKnownFileType = image.png; path = detail.png; sourceTree = "<group>"; };
		F6CFD5C4176D6B4E0047AE15 /* export.png */ = {isa = PBXFileReference; lastKnownFileType = image.png; path = export.png; sourceTree = "<group>"; };
		F6CFD5C6176D6DCC0047AE15 /* delete.png */ = {isa = PBXFileReference; lastKnownFileType = image.png; path = delete.png; sourceTree = "<group>"; };
		F6CFD5C7176D6DCC0047AE15 /* fast.png */ = {isa = PBXFileReference; lastKnownFileType = image.png; path = fast.png; sourceTree = "<group>"; };
		F6E078B11724F43C00C00E6B /* InfoPlist.strings */ = {isa = PBXFileReference; fileEncoding = 4; lastKnownFileType = text.plist.strings; path = InfoPlist.strings; sourceTree = "<group>"; };
		F6E078B21724F43C00C00E6B /* main.m */ = {isa = PBXFileReference; fileEncoding = 4; lastKnownFileType = sourcecode.c.objc; path = main.m; sourceTree = "<group>"; };
		F6E078B31724F43C00C00E6B /* MedicalReview-Info.plist */ = {isa = PBXFileReference; fileEncoding = 4; lastKnownFileType = text.plist.xml; path = "MedicalReview-Info.plist"; sourceTree = "<group>"; };
		F6E078B41724F43C00C00E6B /* MedicalReview-Prefix.pch */ = {isa = PBXFileReference; fileEncoding = 4; lastKnownFileType = sourcecode.c.h; path = "MedicalReview-Prefix.pch"; sourceTree = "<group>"; };
		F6EF2AFF17390D2400BC3355 /* json_score.txt */ = {isa = PBXFileReference; fileEncoding = 4; lastKnownFileType = text; path = json_score.txt; sourceTree = "<group>"; };
		F6FD5D4B17579F7900218A59 /* beijing.jpg */ = {isa = PBXFileReference; lastKnownFileType = image.jpeg; path = beijing.jpg; sourceTree = "<group>"; };
		F6FD5D4C17579F7B00218A59 /* beijing1.jpg */ = {isa = PBXFileReference; lastKnownFileType = image.jpeg; path = beijing1.jpg; sourceTree = "<group>"; };
		F6FD5D4D17579F7E00218A59 /* beijing2.jpg */ = {isa = PBXFileReference; lastKnownFileType = image.jpeg; path = beijing2.jpg; sourceTree = "<group>"; };
		F6FD5D551757A15900218A59 /* MR_ProgressCheckCtro.h */ = {isa = PBXFileReference; fileEncoding = 4; lastKnownFileType = sourcecode.c.h; path = MR_ProgressCheckCtro.h; sourceTree = "<group>"; };
		F6FD5D561757A15900218A59 /* MR_ProgressCheckCtro.m */ = {isa = PBXFileReference; fileEncoding = 4; lastKnownFileType = sourcecode.c.objc; path = MR_ProgressCheckCtro.m; sourceTree = "<group>"; };
		F6FD5D601757A87800218A59 /* ScrollTableController.h */ = {isa = PBXFileReference; fileEncoding = 4; lastKnownFileType = sourcecode.c.h; path = ScrollTableController.h; sourceTree = "<group>"; };
		F6FD5D611757A87800218A59 /* ScrollTableController.m */ = {isa = PBXFileReference; fileEncoding = 4; lastKnownFileType = sourcecode.c.objc; path = ScrollTableController.m; sourceTree = "<group>"; };
		F6FD5D631757A96A00218A59 /* UILabel+Helper.h */ = {isa = PBXFileReference; fileEncoding = 4; lastKnownFileType = sourcecode.c.h; path = "UILabel+Helper.h"; sourceTree = "<group>"; };
		F6FD5D641757A96A00218A59 /* UILabel+Helper.m */ = {isa = PBXFileReference; fileEncoding = 4; lastKnownFileType = sourcecode.c.objc; path = "UILabel+Helper.m"; sourceTree = "<group>"; };
		F6FD5D6A1757B5DD00218A59 /* progress.txt */ = {isa = PBXFileReference; fileEncoding = 4; lastKnownFileType = text; path = progress.txt; sourceTree = "<group>"; };
		F6FEE1AB1768C46B005C9ADA /* jindu_s.png */ = {isa = PBXFileReference; lastKnownFileType = image.png; path = jindu_s.png; sourceTree = "<group>"; };
		F6FEE1B21768C90D005C9ADA /* close_x.png */ = {isa = PBXFileReference; lastKnownFileType = image.png; path = close_x.png; sourceTree = "<group>"; };
/* End PBXFileReference section */

/* Begin PBXFrameworksBuildPhase section */
		F606A0771724BF3100490D04 /* Frameworks */ = {
			isa = PBXFrameworksBuildPhase;
			buildActionMask = 2147483647;
			files = (
				F6B8A87A176C577C00B76C10 /* QuartzCore.framework in Frameworks */,
				F606A0831724BF3100490D04 /* CoreGraphics.framework in Frameworks */,
				F641710F1725718500648A5E /* MobileCoreServices.framework in Frameworks */,
				F641710D1725716000648A5E /* SystemConfiguration.framework in Frameworks */,
				F641710B1725702300648A5E /* libz.1.2.5.dylib in Frameworks */,
				F641710917256FC100648A5E /* CFNetwork.framework in Frameworks */,
				F606A07F1724BF3100490D04 /* UIKit.framework in Frameworks */,
				F606A0811724BF3100490D04 /* Foundation.framework in Frameworks */,
			);
			runOnlyForDeploymentPostprocessing = 0;
		};
/* End PBXFrameworksBuildPhase section */

/* Begin PBXGroup section */
		F606A06F1724BF3100490D04 = {
			isa = PBXGroup;
			children = (
				F606A0841724BF3100490D04 /* MedicalReview */,
				F606A07D1724BF3100490D04 /* Frameworks */,
				F606A07B1724BF3100490D04 /* Products */,
			);
			sourceTree = "<group>";
		};
		F606A07B1724BF3100490D04 /* Products */ = {
			isa = PBXGroup;
			children = (
				F606A07A1724BF3100490D04 /* MedicalReview.app */,
			);
			name = Products;
			sourceTree = "<group>";
		};
		F606A07D1724BF3100490D04 /* Frameworks */ = {
			isa = PBXGroup;
			children = (
				F641710A1725702300648A5E /* libz.1.2.5.dylib */,
				F6B8A879176C577C00B76C10 /* QuartzCore.framework */,
				F641710E1725718500648A5E /* MobileCoreServices.framework */,
				F641710C1725716000648A5E /* SystemConfiguration.framework */,
				F641710817256FC100648A5E /* CFNetwork.framework */,
				F606A07E1724BF3100490D04 /* UIKit.framework */,
				F606A0801724BF3100490D04 /* Foundation.framework */,
				F606A0821724BF3100490D04 /* CoreGraphics.framework */,
			);
			name = Frameworks;
			sourceTree = "<group>";
		};
		F606A0841724BF3100490D04 /* MedicalReview */ = {
			isa = PBXGroup;
			children = (
				F69C6CF117251687008247F5 /* macdefine.h */,
				F69C6CEE17251635008247F5 /* MR_AppDelegate.h */,
				F69C6CEF17251635008247F5 /* MR_AppDelegate.m */,
				F6E078B01724F43C00C00E6B /* Main */,
				F606A0AB1724C69400490D04 /* Class */,
				F6E078B61724F43C00C00E6B /* Vendor */,
				F606A0B61724C8D000490D04 /* Image */,
				F6E078BB1724F4C900C00E6B /* Resource */,
			);
			path = MedicalReview;
			sourceTree = "<group>";
		};
		F606A0AB1724C69400490D04 /* Class */ = {
			isa = PBXGroup;
			children = (
				F6B1B2DD172538CE00A51DDD /* Global */,
				F6B1B2DE172538CE00A51DDD /* Util */,
				F606A0AC1724C69400490D04 /* Controller */,
				F606A0B21724C69400490D04 /* View */,
				F606A0B11724C69400490D04 /* Model */,
				F67728641753321A005BB1B4 /* Graph */,
			);
			path = Class;
			sourceTree = "<group>";
		};
		F606A0AC1724C69400490D04 /* Controller */ = {
			isa = PBXGroup;
			children = (
				F602F4BA17266D13005FE31F /* MR_RootController.h */,
				F602F4BB17266D13005FE31F /* MR_RootController.m */,
				F6C297271726736A002FB4B8 /* Login */,
				F67CC73A17280CDB00004FD4 /* Main */,
				F67E55911726C08A00573BF8 /* Score */,
				F6FD5D541757A15900218A59 /* Check */,
			);
			path = Controller;
			sourceTree = "<group>";
		};
		F606A0B11724C69400490D04 /* Model */ = {
			isa = PBXGroup;
			children = (
				F6C2972B17267580002FB4B8 /* MR_User.h */,
				F6C2972C17267580002FB4B8 /* MR_User.m */,
				F602F4B117266414005FE31F /* MR_Doctor.h */,
				F602F4B217266414005FE31F /* MR_Doctor.m */,
				F602F4B41726648D005FE31F /* MR_Leader.h */,
				F602F4B51726648D005FE31F /* MR_Leader.m */,
			);
			path = Model;
			sourceTree = "<group>";
		};
		F606A0B21724C69400490D04 /* View */ = {
			isa = PBXGroup;
			children = (
				F602F4BD17266E75005FE31F /* MR_RootView.h */,
				F602F4BE17266E75005FE31F /* MR_RootView.m */,
				F6C2972E17267BF5002FB4B8 /* PageView */,
				F62BF82E172E256300054E55 /* Clause */,
			);
			path = View;
			sourceTree = "<group>";
		};
		F606A0B61724C8D000490D04 /* Image */ = {
			isa = PBXGroup;
			children = (
				F6CFD5C6176D6DCC0047AE15 /* delete.png */,
				F6CFD5C7176D6DCC0047AE15 /* fast.png */,
				F6CFD5C4176D6B4E0047AE15 /* export.png */,
				F6CFD5C2176D6AF30047AE15 /* detail.png */,
				F6FEE1B21768C90D005C9ADA /* close_x.png */,
				F6FEE1AB1768C46B005C9ADA /* jindu_s.png */,
				F6FD5D4B17579F7900218A59 /* beijing.jpg */,
				F6FD5D4C17579F7B00218A59 /* beijing1.jpg */,
				F6FD5D4D17579F7E00218A59 /* beijing2.jpg */,
				F66C2A2B17525A7700FFB968 /* shen.gif */,
				F66C2A2C17525A7700FFB968 /* suo.gif */,
				F66C2A29175258D000FFB968 /* btn_img.png */,
				F66C2A211751E4E200FFB968 /* drawable_selector_catalog_select.9.png */,
				F66C2A221751E4E200FFB968 /* gridview_bg.png */,
				F66C2A1A1751E26300FFB968 /* drawable_selector_list_select.png */,
				F66C2A1B1751E26300FFB968 /* home_title_bg.png */,
				F67904C017410B6E0059A5EA /* ButtonMenu@2x.png */,
				F65CCD14173A954E002C23EF /* Icon.png */,
				F65CCD15173A954E002C23EF /* Icon@2x.png */,
				F65CCD0E173A8B63002C23EF /* logout.png */,
				F65CCD0A173A88E8002C23EF /* tiaokuanck_s.png */,
				F65CCD0B173A88E9002C23EF /* tiaokuanlr_s.png */,
				F65CCD08173A8640002C23EF /* lujing_s.png */,
				F65CCD06173A831C002C23EF /* top_bg.gif */,
				F65CCD03173A818F002C23EF /* login_login.jpg */,
				F67E155B172F6913004FF751 /* RadioButton-Selected.png */,
				F67E155C172F6913004FF751 /* RadioButton-Unselected.png */,
				F67E55B21726D49200573BF8 /* choose_normal.png */,
				F67E55B31726D49200573BF8 /* choose_pressed.png */,
				F67E55851726AE1200573BF8 /* 37x-Checkmark.png */,
				F67E55861726AE1200573BF8 /* 37x-Checkmark@2x.png */,
				F606A0B81724CBD000490D04 /* Default.png */,
				F606A0B91724CBD000490D04 /* Default@2x.png */,
				F606A0B71724CBD000490D04 /* Default-568h@2x.png */,
			);
			path = Image;
			sourceTree = "<group>";
		};
		F61435AD176C3877000484AC /* URBSegmentedControl */ = {
			isa = PBXGroup;
			children = (
				F61435AF176C3885000484AC /* URBSegmentedControl.h */,
				F61435B0176C3885000484AC /* URBSegmentedControl.m */,
			);
			path = URBSegmentedControl;
			sourceTree = "<group>";
		};
		F623AC4E172906740060DD4E /* NIDropDown */ = {
			isa = PBXGroup;
			children = (
				F623AC4F172906740060DD4E /* NIDropDown.h */,
				F623AC50172906740060DD4E /* NIDropDown.m */,
			);
			path = NIDropDown;
			sourceTree = "<group>";
		};
		F62BF82E172E256300054E55 /* Clause */ = {
			isa = PBXGroup;
			children = (
				F64F3269173E0E4B00AF7A15 /* MR_ClauseTopView.h */,
				F64F326A173E0E4B00AF7A15 /* MR_ClauseTopView.m */,
				F63AC969173634FA00C8C7C3 /* MR_ClauseTable.h */,
				F63AC96A173634FB00C8C7C3 /* MR_ClauseTable.m */,
				F64A26E717429F480085B509 /* MR_TableClauseView.h */,
				F64A26E817429F480085B509 /* MR_TableClauseView.m */,
				F62BF82F172E2FC400054E55 /* MR_ClauseHeadView.h */,
				F62BF830172E2FC400054E55 /* MR_ClauseHeadView.m */,
				F62BF831172E2FC400054E55 /* MR_ClauseNodeView.h */,
				F62BF832172E2FC400054E55 /* MR_ClauseNodeView.m */,
				F62BF837172E2FC400054E55 /* MR_ExplainView.h */,
				F62BF838172E2FC400054E55 /* MR_ExplainView.m */,
				F62BF85A172E68DB00054E55 /* MR_ArrowView.h */,
				F62BF85B172E68DC00054E55 /* MR_ArrowView.m */,
				F67E154F172F465F004FF751 /* MR_ScoreRadioView.h */,
				F67E1550172F465F004FF751 /* MR_ScoreRadioView.m */,
				F63A89D21730009F0007B5C7 /* MR_OperateView.h */,
				F63A89D31730009F0007B5C7 /* MR_OperateView.m */,
			);
			path = Clause;
			sourceTree = "<group>";
		};
		F641711A17258B7600648A5E /* ASIHTTPRequest */ = {
			isa = PBXGroup;
			children = (
				F641711B17258B7600648A5E /* ASIAuthenticationDialog.h */,
				F641711C17258B7600648A5E /* ASIAuthenticationDialog.m */,
				F641711D17258B7600648A5E /* ASICacheDelegate.h */,
				F641711E17258B7600648A5E /* ASIDataCompressor.h */,
				F641711F17258B7600648A5E /* ASIDataCompressor.m */,
				F641712017258B7600648A5E /* ASIDataDecompressor.h */,
				F641712117258B7600648A5E /* ASIDataDecompressor.m */,
				F641712217258B7600648A5E /* ASIDownloadCache.h */,
				F641712317258B7600648A5E /* ASIDownloadCache.m */,
				F641712417258B7600648A5E /* ASIFormDataRequest.h */,
				F641712517258B7600648A5E /* ASIFormDataRequest.m */,
				F641712617258B7600648A5E /* ASIHTTPRequest.h */,
				F641712717258B7600648A5E /* ASIHTTPRequest.m */,
				F641712817258B7600648A5E /* ASIHTTPRequestConfig.h */,
				F641712917258B7600648A5E /* ASIHTTPRequestDelegate.h */,
				F641712A17258B7600648A5E /* ASIInputStream.h */,
				F641712B17258B7600648A5E /* ASIInputStream.m */,
				F641712C17258B7600648A5E /* ASINetworkQueue.h */,
				F641712D17258B7600648A5E /* ASINetworkQueue.m */,
				F641712E17258B7600648A5E /* ASIProgressDelegate.h */,
				F64171691725922100648A5E /* External */,
			);
			path = ASIHTTPRequest;
			sourceTree = "<group>";
		};
		F64171691725922100648A5E /* External */ = {
			isa = PBXGroup;
			children = (
				F641716A1725922100648A5E /* Reachability */,
			);
			path = External;
			sourceTree = "<group>";
		};
		F641716A1725922100648A5E /* Reachability */ = {
			isa = PBXGroup;
			children = (
				F641716B1725922100648A5E /* Reachability.h */,
				F641716C1725922100648A5E /* Reachability.m */,
			);
			path = Reachability;
			sourceTree = "<group>";
		};
		F64F3275173E472E00AF7A15 /* MyPopSelectList */ = {
			isa = PBXGroup;
			children = (
				F64F3279173E47C100AF7A15 /* MR_PopSelectListView.h */,
				F64F327A173E47C100AF7A15 /* MR_PopSelectListView.m */,
			);
			path = MyPopSelectList;
			sourceTree = "<group>";
		};
		F67728571752F250005BB1B4 /* AHReach */ = {
			isa = PBXGroup;
			children = (
				F67728591752F25C005BB1B4 /* AHReach.h */,
				F677285A1752F25C005BB1B4 /* AHReach.m */,
			);
			path = AHReach;
			sourceTree = "<group>";
		};
		F67728641753321A005BB1B4 /* Graph */ = {
			isa = PBXGroup;
			children = (
				F677286917533484005BB1B4 /* GradientRect */,
				F677286517533240005BB1B4 /* FinishChart */,
			);
			path = Graph;
			sourceTree = "<group>";
		};
		F677286517533240005BB1B4 /* FinishChart */ = {
			isa = PBXGroup;
			children = (
				F677286617533240005BB1B4 /* CFinishChart.h */,
				F677286717533240005BB1B4 /* CFinishChart.m */,
			);
			path = FinishChart;
			sourceTree = "<group>";
		};
		F677286917533484005BB1B4 /* GradientRect */ = {
			isa = PBXGroup;
			children = (
				F677286A17533484005BB1B4 /* CGradientRect.h */,
				F677286B17533484005BB1B4 /* CGradientRect.m */,
			);
			path = GradientRect;
			sourceTree = "<group>";
		};
		F67CC73A17280CDB00004FD4 /* Main */ = {
			isa = PBXGroup;
			children = (
				F67CC73C17280D0100004FD4 /* MR_MainCtro.h */,
				F67CC73D17280D0100004FD4 /* MR_MainCtro.m */,
			);
			path = Main;
			sourceTree = "<group>";
		};
		F67E1557172F683D004FF751 /* RadioButton */ = {
			isa = PBXGroup;
			children = (
				F67E1567172F8EB2004FF751 /* RadioButton.h */,
				F67E1568172F8EB2004FF751 /* RadioButton.m */,
			);
			path = RadioButton;
			sourceTree = "<group>";
		};
		F67E55731726ACAA00573BF8 /* GTMBase64 */ = {
			isa = PBXGroup;
			children = (
				F67E55741726ACAA00573BF8 /* GTMBase64.h */,
				F67E55751726ACAA00573BF8 /* GTMBase64.m */,
				F67E55761726ACAA00573BF8 /* GTMDefines.h */,
			);
			path = GTMBase64;
			sourceTree = "<group>";
		};
		F67E55771726ACAA00573BF8 /* MBProgressHUD */ = {
			isa = PBXGroup;
			children = (
				F67E55781726ACAA00573BF8 /* MBProgressHUD.h */,
				F67E55791726ACAA00573BF8 /* MBProgressHUD.m */,
			);
			path = MBProgressHUD;
			sourceTree = "<group>";
		};
		F67E55911726C08A00573BF8 /* Score */ = {
			isa = PBXGroup;
			children = (
				F67E55931726C0CF00573BF8 /* MR_PathScoreCtro.h */,
				F67E55941726C0CF00573BF8 /* MR_PathScoreCtro.m */,
				F623AC3E1728FBB40060DD4E /* MR_PathNodeView.h */,
				F623AC3F1728FBB40060DD4E /* MR_PathNodeView.m */,
				3E8BDB52172EDBB900218B91 /* MR_PathCell.h */,
				3E8BDB53172EDBB900218B91 /* MR_PathCell.m */,
				F62862AD173F66170090C00D /* MR_ChapterScoreCtro.h */,
				F62862AE173F66170090C00D /* MR_ChapterScoreCtro.m */,
				F62862B6173F842F0090C00D /* MR_ChapterHeadView.h */,
				F62862B7173F84300090C00D /* MR_ChapterHeadView.m */,
				F62862B9173F845F0090C00D /* MR_ChapterSearchView.h */,
				F62862BA173F84600090C00D /* MR_ChapterSearchView.m */,
				F609B7F31767095700EEDF59 /* MR_ClauseDetailCtro.h */,
				F609B7F41767095700EEDF59 /* MR_ClauseDetailCtro.m */,
				F609B7FB1767139700EEDF59 /* MR_ClauseDetailCtro.xib */,
				F609B7FD1767298700EEDF59 /* MR_ClauseLinkWebCtro.h */,
				F609B7FE1767298700EEDF59 /* MR_ClauseLinkWebCtro.m */,
				F609B80217672B4D00EEDF59 /* MR_ClauseLinkWebCtro.xib */,
			);
			path = Score;
			sourceTree = "<group>";
		};
		F6B1B2C81725362B00A51DDD /* JSON */ = {
			isa = PBXGroup;
			children = (
				F6B1B2C91725362B00A51DDD /* JSONKit.h */,
				F6B1B2CA1725362B00A51DDD /* JSONKit.m */,
			);
			path = JSON;
			sourceTree = "<group>";
		};
		F6B1B2CB1725362B00A51DDD /* NSDate+Helper */ = {
			isa = PBXGroup;
			children = (
				F6B1B2CC1725362B00A51DDD /* NSDate+Helper.h */,
				F6B1B2CD1725362B00A51DDD /* NSDate+Helper.m */,
			);
			path = "NSDate+Helper";
			sourceTree = "<group>";
		};
		F6B1B2DD172538CE00A51DDD /* Global */ = {
			isa = PBXGroup;
			children = (
				F6B1B2DF1725397D00A51DDD /* GlobalInfo.h */,
				F6B1B2E01725397D00A51DDD /* GlobalInfo.m */,
			);
			path = Global;
			sourceTree = "<group>";
		};
		F6B1B2DE172538CE00A51DDD /* Util */ = {
			isa = PBXGroup;
			children = (
				F6B1B2E4172539F200A51DDD /* Common.h */,
				F6B1B2E5172539F200A51DDD /* Common.m */,
				F6B1B2E6172539F200A51DDD /* FileHelper.h */,
				F6B1B2E7172539F200A51DDD /* FileHelper.m */,
				F6B1B2E9172539F200A51DDD /* NSDate+Common.h */,
				F6B1B2EA172539F200A51DDD /* NSDate+Common.m */,
				F64171711725957400648A5E /* NSString+Helper.h */,
				F64171721725957400648A5E /* NSString+Helper.m */,
				F602F4A1172651AD005FE31F /* ASIHTTPRequest+Helper.h */,
				F602F4A2172651AD005FE31F /* ASIHTTPRequest+Helper.m */,
				F6B1B2E8172539F200A51DDD /* MyLog.h */,
				F6200B071741CEFD00BBC87E /* UIView+Helper.h */,
				F6200B081741CEFD00BBC87E /* UIView+Helper.m */,
				F696849C1747CE8000567AEB /* NSArray+Helper.h */,
				F696849D1747CE8000567AEB /* NSArray+Helper.m */,
				F6FD5D631757A96A00218A59 /* UILabel+Helper.h */,
				F6FD5D641757A96A00218A59 /* UILabel+Helper.m */,
			);
			path = Util;
			sourceTree = "<group>";
		};
		F6B8A838176C534300B76C10 /* HMSegmentedControl */ = {
			isa = PBXGroup;
			children = (
				F6B8A83D176C556000B76C10 /* HMSegmentedControl.h */,
				F6B8A83E176C556000B76C10 /* HMSegmentedControl.m */,
			);
			path = HMSegmentedControl;
			sourceTree = "<group>";
		};
		F6B8A883176C64AA00B76C10 /* UIColor+MLPFlatColors */ = {
			isa = PBXGroup;
			children = (
				F6B8A884176C64AA00B76C10 /* UIColor+MLPFlatColors.h */,
				F6B8A885176C64AA00B76C10 /* UIColor+MLPFlatColors.m */,
			);
			path = "UIColor+MLPFlatColors";
			sourceTree = "<group>";
		};
		F6C297271726736A002FB4B8 /* Login */ = {
			isa = PBXGroup;
			children = (
				F678A94017278AA3000DAB46 /* MR_LoginCtro.h */,
				F678A94117278AA3000DAB46 /* MR_LoginCtro.m */,
				F678A94217278AA3000DAB46 /* MR_LoginCtro.xib */,
			);
			path = Login;
			sourceTree = "<group>";
		};
		F6C2972E17267BF5002FB4B8 /* PageView */ = {
			isa = PBXGroup;
			children = (
				F6C2973517267C6D002FB4B8 /* MR_TopPageView.h */,
				F6C2973617267C6D002FB4B8 /* MR_TopPageView.m */,
				F6C2973217267C43002FB4B8 /* MR_LeftPageView.h */,
				F6C2973317267C43002FB4B8 /* MR_LeftPageView.m */,
				F6C2972F17267C2E002FB4B8 /* MR_MainPageView.h */,
				F6C2973017267C2E002FB4B8 /* MR_MainPageView.m */,
			);
			path = PageView;
			sourceTree = "<group>";
		};
		F6E078B01724F43C00C00E6B /* Main */ = {
			isa = PBXGroup;
			children = (
				F6E078B21724F43C00C00E6B /* main.m */,
				F6E078B31724F43C00C00E6B /* MedicalReview-Info.plist */,
				F6E078B41724F43C00C00E6B /* MedicalReview-Prefix.pch */,
				F6E078B11724F43C00C00E6B /* InfoPlist.strings */,
			);
			path = Main;
			sourceTree = "<group>";
		};
		F6E078B61724F43C00C00E6B /* Vendor */ = {
			isa = PBXGroup;
			children = (
				F6B8A883176C64AA00B76C10 /* UIColor+MLPFlatColors */,
				F6B8A838176C534300B76C10 /* HMSegmentedControl */,
				F61435AD176C3877000484AC /* URBSegmentedControl */,
				F6FD5D5C1757A6A300218A59 /* MyScrollTable */,
				F64F3275173E472E00AF7A15 /* MyPopSelectList */,
				F67728571752F250005BB1B4 /* AHReach */,
				F67E1557172F683D004FF751 /* RadioButton */,
				F623AC4E172906740060DD4E /* NIDropDown */,
				F67E55731726ACAA00573BF8 /* GTMBase64 */,
				F67E55771726ACAA00573BF8 /* MBProgressHUD */,
				F641711A17258B7600648A5E /* ASIHTTPRequest */,
				F6B1B2C81725362B00A51DDD /* JSON */,
				F6B1B2CB1725362B00A51DDD /* NSDate+Helper */,
			);
			path = Vendor;
			sourceTree = "<group>";
		};
		F6E078BB1724F4C900C00E6B /* Resource */ = {
			isa = PBXGroup;
			children = (
				F6C0C12F175B8D6800D3AC11 /* webViewContent.html */,
				F6C0C129175B8CAE00D3AC11 /* 对口支援.html */,
				F67BA168173C07E2001F7228 /* json_loaddata.txt */,
				F6EF2AFF17390D2400BC3355 /* json_score.txt */,
				F6FD5D6A1757B5DD00218A59 /* progress.txt */,
				F678A9A01727DA68000DAB46 /* Localizable.strings */,
				F673B66317ACA053002CE425 /* Settings.bundle */,
			);
			path = Resource;
			sourceTree = "<group>";
		};
		F6FD5D541757A15900218A59 /* Check */ = {
			isa = PBXGroup;
			children = (
				F6FD5D551757A15900218A59 /* MR_ProgressCheckCtro.h */,
				F6FD5D561757A15900218A59 /* MR_ProgressCheckCtro.m */,
			);
			path = Check;
			sourceTree = "<group>";
		};
		F6FD5D5C1757A6A300218A59 /* MyScrollTable */ = {
			isa = PBXGroup;
			children = (
				F6FD5D601757A87800218A59 /* ScrollTableController.h */,
				F6FD5D611757A87800218A59 /* ScrollTableController.m */,
			);
			path = MyScrollTable;
			sourceTree = "<group>";
		};
/* End PBXGroup section */

/* Begin PBXNativeTarget section */
		F606A0791724BF3100490D04 /* MedicalReview */ = {
			isa = PBXNativeTarget;
			buildConfigurationList = F606A0A41724BF3100490D04 /* Build configuration list for PBXNativeTarget "MedicalReview" */;
			buildPhases = (
				F606A0771724BF3100490D04 /* Frameworks */,
				F606A0781724BF3100490D04 /* Resources */,
				F606A0761724BF3100490D04 /* Sources */,
			);
			buildRules = (
			);
			dependencies = (
			);
			name = MedicalReview;
			productName = MedicalReview;
			productReference = F606A07A1724BF3100490D04 /* MedicalReview.app */;
			productType = "com.apple.product-type.application";
		};
/* End PBXNativeTarget section */

/* Begin PBXProject section */
		F606A0711724BF3100490D04 /* Project object */ = {
			isa = PBXProject;
			attributes = {
				CLASSPREFIX = MR_;
				LastUpgradeCheck = 0450;
				ORGANIZATIONNAME = medical.review;
			};
			buildConfigurationList = F606A0741724BF3100490D04 /* Build configuration list for PBXProject "MedicalReview" */;
			compatibilityVersion = "Xcode 3.2";
			developmentRegion = English;
			hasScannedForEncodings = 0;
			knownRegions = (
				en,
				"zh-Hans",
			);
			mainGroup = F606A06F1724BF3100490D04;
			productRefGroup = F606A07B1724BF3100490D04 /* Products */;
			projectDirPath = "";
			projectRoot = "";
			targets = (
				F606A0791724BF3100490D04 /* MedicalReview */,
			);
		};
/* End PBXProject section */

/* Begin PBXResourcesBuildPhase section */
		F606A0781724BF3100490D04 /* Resources */ = {
			isa = PBXResourcesBuildPhase;
			buildActionMask = 2147483647;
			files = (
				F606A0BA1724CBD000490D04 /* Default-568h@2x.png in Resources */,
				F606A0BB1724CBD000490D04 /* Default.png in Resources */,
				F606A0BC1724CBD000490D04 /* Default@2x.png in Resources */,
				F6E078B81724F43C00C00E6B /* InfoPlist.strings in Resources */,
				F67E55891726AE1200573BF8 /* 37x-Checkmark.png in Resources */,
				F67E558A1726AE1200573BF8 /* 37x-Checkmark@2x.png in Resources */,
				F67E55B41726D49200573BF8 /* choose_normal.png in Resources */,
				F67E55B51726D49200573BF8 /* choose_pressed.png in Resources */,
				F678A94417278AA3000DAB46 /* MR_LoginCtro.xib in Resources */,
				F678A9A11727DA68000DAB46 /* Localizable.strings in Resources */,
				F67E155D172F6913004FF751 /* RadioButton-Selected.png in Resources */,
				F67E155E172F6913004FF751 /* RadioButton-Unselected.png in Resources */,
				F6EF2B0017390D2400BC3355 /* json_score.txt in Resources */,
				F65CCD04173A818F002C23EF /* login_login.jpg in Resources */,
				F65CCD07173A831C002C23EF /* top_bg.gif in Resources */,
				F65CCD09173A8640002C23EF /* lujing_s.png in Resources */,
				F65CCD0C173A88E9002C23EF /* tiaokuanck_s.png in Resources */,
				F65CCD0D173A88E9002C23EF /* tiaokuanlr_s.png in Resources */,
				F65CCD0F173A8B63002C23EF /* logout.png in Resources */,
				F65CCD16173A954F002C23EF /* Icon.png in Resources */,
				F65CCD17173A954F002C23EF /* Icon@2x.png in Resources */,
				F67BA169173C07E2001F7228 /* json_loaddata.txt in Resources */,
				F67904C217410B6E0059A5EA /* ButtonMenu@2x.png in Resources */,
				F66C2A1C1751E26300FFB968 /* drawable_selector_list_select.png in Resources */,
				F66C2A1D1751E26300FFB968 /* home_title_bg.png in Resources */,
				F66C2A231751E4E200FFB968 /* drawable_selector_catalog_select.9.png in Resources */,
				F66C2A241751E4E200FFB968 /* gridview_bg.png in Resources */,
				F66C2A2A175258D000FFB968 /* btn_img.png in Resources */,
				F66C2A2D17525A7800FFB968 /* shen.gif in Resources */,
				F66C2A2E17525A7800FFB968 /* suo.gif in Resources */,
				F6FD5D4E17579F8300218A59 /* beijing.jpg in Resources */,
				F6FD5D4F17579F8300218A59 /* beijing1.jpg in Resources */,
				F6FD5D5017579F8300218A59 /* beijing2.jpg in Resources */,
				F6FD5D6B1757B5DD00218A59 /* progress.txt in Resources */,
				F6C0C12A175B8CAE00D3AC11 /* 对口支援.html in Resources */,
				F6C0C130175B8D6800D3AC11 /* webViewContent.html in Resources */,
				F609B7FC1767139700EEDF59 /* MR_ClauseDetailCtro.xib in Resources */,
				F609B80317672B4D00EEDF59 /* MR_ClauseLinkWebCtro.xib in Resources */,
				F6FEE1AC1768C46C005C9ADA /* jindu_s.png in Resources */,
				F6FEE1B31768C90D005C9ADA /* close_x.png in Resources */,
				F6CFD5C3176D6AF30047AE15 /* detail.png in Resources */,
				F6CFD5C5176D6B4E0047AE15 /* export.png in Resources */,
				F6CFD5C8176D6DCC0047AE15 /* delete.png in Resources */,
				F6CFD5C9176D6DCC0047AE15 /* fast.png in Resources */,
				F673B66417ACA053002CE425 /* Settings.bundle in Resources */,
			);
			runOnlyForDeploymentPostprocessing = 0;
		};
/* End PBXResourcesBuildPhase section */

/* Begin PBXSourcesBuildPhase section */
		F606A0761724BF3100490D04 /* Sources */ = {
			isa = PBXSourcesBuildPhase;
			buildActionMask = 2147483647;
			files = (
				F6E078B91724F43C00C00E6B /* main.m in Sources */,
				F69C6CF017251635008247F5 /* MR_AppDelegate.m in Sources */,
				F6B1B2D71725362B00A51DDD /* JSONKit.m in Sources */,
				F6B1B2D81725362B00A51DDD /* NSDate+Helper.m in Sources */,
				F6B1B2E11725397D00A51DDD /* GlobalInfo.m in Sources */,
				F6B1B2F2172539F200A51DDD /* Common.m in Sources */,
				F6B1B2F3172539F200A51DDD /* FileHelper.m in Sources */,
				F6B1B2F4172539F200A51DDD /* NSDate+Common.m in Sources */,
				F641714F17258B7600648A5E /* ASIAuthenticationDialog.m in Sources */,
				F641715017258B7600648A5E /* ASIDataCompressor.m in Sources */,
				F641715117258B7600648A5E /* ASIDataDecompressor.m in Sources */,
				F641715217258B7600648A5E /* ASIDownloadCache.m in Sources */,
				F641715317258B7600648A5E /* ASIFormDataRequest.m in Sources */,
				F641715417258B7600648A5E /* ASIHTTPRequest.m in Sources */,
				F641715517258B7600648A5E /* ASIInputStream.m in Sources */,
				F641715617258B7600648A5E /* ASINetworkQueue.m in Sources */,
				F641716D1725922100648A5E /* Reachability.m in Sources */,
				F64171731725957600648A5E /* NSString+Helper.m in Sources */,
				F602F4A3172651AE005FE31F /* ASIHTTPRequest+Helper.m in Sources */,
				F602F4B317266414005FE31F /* MR_Doctor.m in Sources */,
				F602F4B61726648D005FE31F /* MR_Leader.m in Sources */,
				F602F4BC17266D14005FE31F /* MR_RootController.m in Sources */,
				F602F4BF17266E75005FE31F /* MR_RootView.m in Sources */,
				F6C2972D17267580002FB4B8 /* MR_User.m in Sources */,
				F6C2973117267C2E002FB4B8 /* MR_MainPageView.m in Sources */,
				F6C2973417267C43002FB4B8 /* MR_LeftPageView.m in Sources */,
				F6C2973717267C6D002FB4B8 /* MR_TopPageView.m in Sources */,
				F67E557A1726ACAA00573BF8 /* GTMBase64.m in Sources */,
				F67E557B1726ACAA00573BF8 /* MBProgressHUD.m in Sources */,
				F67E55951726C0CF00573BF8 /* MR_PathScoreCtro.m in Sources */,
				F678A94317278AA3000DAB46 /* MR_LoginCtro.m in Sources */,
				F67CC73E17280D0100004FD4 /* MR_MainCtro.m in Sources */,
				F623AC401728FBB40060DD4E /* MR_PathNodeView.m in Sources */,
				F623AC51172906740060DD4E /* NIDropDown.m in Sources */,
				F62BF839172E2FC400054E55 /* MR_ClauseHeadView.m in Sources */,
				F62BF83A172E2FC400054E55 /* MR_ClauseNodeView.m in Sources */,
				F62BF83D172E2FC400054E55 /* MR_ExplainView.m in Sources */,
				F62BF85C172E68DE00054E55 /* MR_ArrowView.m in Sources */,
				F67E1551172F4660004FF751 /* MR_ScoreRadioView.m in Sources */,
				F67E1569172F8EB2004FF751 /* RadioButton.m in Sources */,
				3E8BDB54172EDBB900218B91 /* MR_PathCell.m in Sources */,
				F63A89D4173000A00007B5C7 /* MR_OperateView.m in Sources */,
				F63AC96B173634FB00C8C7C3 /* MR_ClauseTable.m in Sources */,
				F64F326B173E0E4B00AF7A15 /* MR_ClauseTopView.m in Sources */,
				F64F327B173E47C100AF7A15 /* MR_PopSelectListView.m in Sources */,
				F62862AF173F66180090C00D /* MR_ChapterScoreCtro.m in Sources */,
				F62862B8173F84310090C00D /* MR_ChapterHeadView.m in Sources */,
				F62862BB173F84600090C00D /* MR_ChapterSearchView.m in Sources */,
				F6200B091741CEFD00BBC87E /* UIView+Helper.m in Sources */,
				F64A26E917429F480085B509 /* MR_TableClauseView.m in Sources */,
				F696849E1747CE8000567AEB /* NSArray+Helper.m in Sources */,
				F677285B1752F25C005BB1B4 /* AHReach.m in Sources */,
				F677286817533240005BB1B4 /* CFinishChart.m in Sources */,
				F677286C17533484005BB1B4 /* CGradientRect.m in Sources */,
				F6FD5D571757A15900218A59 /* MR_ProgressCheckCtro.m in Sources */,
				F6FD5D621757A87800218A59 /* ScrollTableController.m in Sources */,
				F6FD5D651757A96A00218A59 /* UILabel+Helper.m in Sources */,
				F609B7F51767095700EEDF59 /* MR_ClauseDetailCtro.m in Sources */,
				F609B8001767298800EEDF59 /* MR_ClauseLinkWebCtro.m in Sources */,
				F61435B1176C3885000484AC /* URBSegmentedControl.m in Sources */,
				F6B8A83F176C556000B76C10 /* HMSegmentedControl.m in Sources */,
				F6B8A886176C64AA00B76C10 /* UIColor+MLPFlatColors.m in Sources */,
			);
			runOnlyForDeploymentPostprocessing = 0;
		};
/* End PBXSourcesBuildPhase section */

/* Begin XCBuildConfiguration section */
		F606A0A21724BF3100490D04 /* Debug */ = {
			isa = XCBuildConfiguration;
			buildSettings = {
				ALWAYS_SEARCH_USER_PATHS = NO;
				CLANG_CXX_LANGUAGE_STANDARD = "gnu++0x";
				CLANG_CXX_LIBRARY = "libc++";
				CLANG_WARN_EMPTY_BODY = YES;
				CLANG_WARN__DUPLICATE_METHOD_MATCH = YES;
				"CODE_SIGN_IDENTITY[sdk=iphoneos*]" = "iPhone Developer";
				COPY_PHASE_STRIP = NO;
				GCC_C_LANGUAGE_STANDARD = gnu99;
				GCC_DYNAMIC_NO_PIC = NO;
				GCC_OPTIMIZATION_LEVEL = 0;
				GCC_PREPROCESSOR_DEFINITIONS = (
					"DEBUG=1",
					"$(inherited)",
				);
				GCC_SYMBOLS_PRIVATE_EXTERN = NO;
				GCC_WARN_ABOUT_RETURN_TYPE = YES;
				GCC_WARN_UNINITIALIZED_AUTOS = YES;
				GCC_WARN_UNUSED_VARIABLE = YES;
				IPHONEOS_DEPLOYMENT_TARGET = 6.0;
				ONLY_ACTIVE_ARCH = YES;
				SDKROOT = iphoneos;
				TARGETED_DEVICE_FAMILY = 2;
			};
			name = Debug;
		};
		F606A0A31724BF3100490D04 /* Release */ = {
			isa = XCBuildConfiguration;
			buildSettings = {
				ALWAYS_SEARCH_USER_PATHS = NO;
				CLANG_CXX_LANGUAGE_STANDARD = "gnu++0x";
				CLANG_CXX_LIBRARY = "libc++";
				CLANG_WARN_EMPTY_BODY = YES;
				CLANG_WARN__DUPLICATE_METHOD_MATCH = YES;
				"CODE_SIGN_IDENTITY[sdk=iphoneos*]" = "iPhone Developer";
				COPY_PHASE_STRIP = YES;
				GCC_C_LANGUAGE_STANDARD = gnu99;
				GCC_WARN_ABOUT_RETURN_TYPE = YES;
				GCC_WARN_UNINITIALIZED_AUTOS = YES;
				GCC_WARN_UNUSED_VARIABLE = YES;
				IPHONEOS_DEPLOYMENT_TARGET = 6.0;
				OTHER_CFLAGS = "-DNS_BLOCK_ASSERTIONS=1";
				SDKROOT = iphoneos;
				TARGETED_DEVICE_FAMILY = 2;
				VALIDATE_PRODUCT = YES;
			};
			name = Release;
		};
		F606A0A51724BF3100490D04 /* Debug */ = {
			isa = XCBuildConfiguration;
			buildSettings = {
				CODE_SIGN_IDENTITY = "iPhone Distribution: GAO XIYU (9VVE288CPU)";
				"CODE_SIGN_IDENTITY[sdk=iphoneos*]" = "iPhone Distribution: GAO XIYU (9VVE288CPU)";
				GCC_PRECOMPILE_PREFIX_HEADER = YES;
				GCC_PREFIX_HEADER = "MedicalReview/Main/MedicalReview-Prefix.pch";
				INFOPLIST_FILE = "$(SRCROOT)/MedicalReview/Main/MedicalReview-Info.plist";
				IPHONEOS_DEPLOYMENT_TARGET = 4.3;
				PRODUCT_NAME = "$(TARGET_NAME)";
				PROVISIONING_PROFILE = "01F957E9-53AE-495A-88C4-17D83D607D2D";
				"PROVISIONING_PROFILE[sdk=iphoneos*]" = "01F957E9-53AE-495A-88C4-17D83D607D2D";
				TARGETED_DEVICE_FAMILY = 2;
				WRAPPER_EXTENSION = app;
			};
			name = Debug;
		};
		F606A0A61724BF3100490D04 /* Release */ = {
			isa = XCBuildConfiguration;
			buildSettings = {
				CODE_SIGN_IDENTITY = "iPhone Distribution: GAO XIYU (9VVE288CPU)";
				"CODE_SIGN_IDENTITY[sdk=iphoneos*]" = "iPhone Distribution: GAO XIYU (9VVE288CPU)";
				GCC_PRECOMPILE_PREFIX_HEADER = YES;
				GCC_PREFIX_HEADER = "MedicalReview/Main/MedicalReview-Prefix.pch";
				INFOPLIST_FILE = "$(SRCROOT)/MedicalReview/Main/MedicalReview-Info.plist";
				IPHONEOS_DEPLOYMENT_TARGET = 4.3;
				PRODUCT_NAME = "$(TARGET_NAME)";
				PROVISIONING_PROFILE = "01F957E9-53AE-495A-88C4-17D83D607D2D";
				"PROVISIONING_PROFILE[sdk=iphoneos*]" = "01F957E9-53AE-495A-88C4-17D83D607D2D";
				TARGETED_DEVICE_FAMILY = 2;
				WRAPPER_EXTENSION = app;
			};
			name = Release;
		};
/* End XCBuildConfiguration section */

/* Begin XCConfigurationList section */
		F606A0741724BF3100490D04 /* Build configuration list for PBXProject "MedicalReview" */ = {
			isa = XCConfigurationList;
			buildConfigurations = (
				F606A0A21724BF3100490D04 /* Debug */,
				F606A0A31724BF3100490D04 /* Release */,
			);
			defaultConfigurationIsVisible = 0;
			defaultConfigurationName = Release;
		};
		F606A0A41724BF3100490D04 /* Build configuration list for PBXNativeTarget "MedicalReview" */ = {
			isa = XCConfigurationList;
			buildConfigurations = (
				F606A0A51724BF3100490D04 /* Debug */,
				F606A0A61724BF3100490D04 /* Release */,
			);
			defaultConfigurationIsVisible = 0;
			defaultConfigurationName = Release;
		};
/* End XCConfigurationList section */
	};
	rootObject = F606A0711724BF3100490D04 /* Project object */;
}
